{
  "originHash" : "88d6fc266d8cb80e284e79e210922bf10ae777ff1d6a02385977bb4d1bd24590",
  "pins" : [
    {
      "identity" : "morewindows",
      "kind" : "remoteSourceControl",
      "location" : "https://github.com/ryanslikesocool/MoreWindows.git",
      "state" : {
        "revision" : "d1aca71599e2669b646b295f54ae553841b586c5",
        "version" : "0.1.4"
      }
    }
  ],
  "version" : 3
}
