// !$*UTF8*$!
{
	archiveVersion = 1;
	classes = {
	};
	objectVersion = 52;
	objects = {

/* Begin PBXBuildFile section */
		AF08B5442524309700E7D16B /* VisualEffectView.swift in Sources */ = {isa = PBXBuildFile; fileRef = AF08B5432524309600E7D16B /* VisualEffectView.swift */; };
		AF08B5472524430400E7D16B /* SelectProjectVersionSheet.swift in Sources */ = {isa = PBXBuildFile; fileRef = AF08B5462524430400E7D16B /* SelectProjectVersionSheet.swift */; };
		AF146CAF25622B990032343F /* VersionSheet.swift in Sources */ = {isa = PBXBuildFile; fileRef = AF146CAE25622B990032343F /* VersionSheet.swift */; };
		AF146CB325622BA30032343F /* ModuleSheet.swift in Sources */ = {isa = PBXBuildFile; fileRef = AF146CB225622BA30032343F /* ModuleSheet.swift */; };
		AF16EDE8251AEC1700C939AA /* SidebarItem.swift in Sources */ = {isa = PBXBuildFile; fileRef = AF16EDE7251AEC1700C939AA /* SidebarItem.swift */; };
		AF16EDEF251AED6100C939AA /* ProjectPanel.swift in Sources */ = {isa = PBXBuildFile; fileRef = AF16EDEE251AED6100C939AA /* ProjectPanel.swift */; };
		AF16EDF7251AEF4000C939AA /* TabSelector.swift in Sources */ = {isa = PBXBuildFile; fileRef = AF16EDF6251AEF4000C939AA /* TabSelector.swift */; };
		AF16FF24251B8CAD00C8A2A9 /* InstallSheet.swift in Sources */ = {isa = PBXBuildFile; fileRef = AF16FF23251B8CAD00C8A2A9 /* InstallSheet.swift */; };
		AF16FF27251B8EA500C8A2A9 /* UnityVersion.swift in Sources */ = {isa = PBXBuildFile; fileRef = AF16FF26251B8EA500C8A2A9 /* UnityVersion.swift */; };
		AF34E221251AF91F00192E53 /* InstalledVersionPanel.swift in Sources */ = {isa = PBXBuildFile; fileRef = AF34E220251AF91F00192E53 /* InstalledVersionPanel.swift */; };
		AF34E226251AFD2D00192E53 /* SettingsView.swift in Sources */ = {isa = PBXBuildFile; fileRef = AF34E225251AFD2D00192E53 /* SettingsView.swift */; };
		AF34E22B251AFE5300192E53 /* HubSettings.swift in Sources */ = {isa = PBXBuildFile; fileRef = AF34E22A251AFE5300192E53 /* HubSettings.swift */; };
		AF4D2104251EBA220029101C /* Smile in Frameworks */ = {isa = PBXBuildFile; productRef = AF4D2103251EBA220029101C /* Smile */; };
		AF59FEA5251EBB4A0093D284 /* EmojiPickerSheet.swift in Sources */ = {isa = PBXBuildFile; fileRef = AF59FEA4251EBB4A0093D284 /* EmojiPickerSheet.swift */; };
		AF5A94D0251BF9E3002FA410 /* DownloadInfo.swift in Sources */ = {isa = PBXBuildFile; fileRef = AF5A94CF251BF9E3002FA410 /* DownloadInfo.swift */; };
		AF66EBEE251AE3900088EC84 /* UnityHubApp.swift in Sources */ = {isa = PBXBuildFile; fileRef = AF66EBED251AE3900088EC84 /* UnityHubApp.swift */; };
		AF66EBF0251AE3900088EC84 /* ContentView.swift in Sources */ = {isa = PBXBuildFile; fileRef = AF66EBEF251AE3900088EC84 /* ContentView.swift */; };
		AF66EBF2251AE3910088EC84 /* Assets.xcassets in Resources */ = {isa = PBXBuildFile; fileRef = AF66EBF1251AE3910088EC84 /* Assets.xcassets */; };
		AF66EBF5251AE3910088EC84 /* Preview Assets.xcassets in Resources */ = {isa = PBXBuildFile; fileRef = AF66EBF4251AE3910088EC84 /* Preview Assets.xcassets */; };
		AF66EC02251AE57D0088EC84 /* SVGShapes.swift in Sources */ = {isa = PBXBuildFile; fileRef = AF66EC01251AE57D0088EC84 /* SVGShapes.swift */; };
		AF73A4DC25F0ACBF00B2EA1C /* SidebarItemView.swift in Sources */ = {isa = PBXBuildFile; fileRef = AF73A4DB25F0ACBF00B2EA1C /* SidebarItemView.swift */; };
		AF75222425F9D0EB00549E0E /* SearchBar.swift in Sources */ = {isa = PBXBuildFile; fileRef = AF75222325F9D0EB00549E0E /* SearchBar.swift */; };
		AFA0862C251B1CFB00B1B985 /* NSOpenPanel+Extension.swift in Sources */ = {isa = PBXBuildFile; fileRef = AFA0862B251B1CFB00B1B985 /* NSOpenPanel+Extension.swift */; };
		AFAEFA1425F1B4690010B492 /* InstallModuleSheet.swift in Sources */ = {isa = PBXBuildFile; fileRef = AFAEFA1325F1B4690010B492 /* InstallModuleSheet.swift */; };
		AFAEFA1925F1CCC50010B492 /* InstalledModuleButton.swift in Sources */ = {isa = PBXBuildFile; fileRef = AFAEFA1825F1CCC50010B492 /* InstalledModuleButton.swift */; };
		AFB1C3A3251B325000F8E3D8 /* UnityModule.swift in Sources */ = {isa = PBXBuildFile; fileRef = AFB1C3A2251B325000F8E3D8 /* UnityModule.swift */; };
		AFB1C3A6251B357A00F8E3D8 /* ModuleJSON.swift in Sources */ = {isa = PBXBuildFile; fileRef = AFB1C3A5251B357A00F8E3D8 /* ModuleJSON.swift */; };
		AFB1C3A9251B459600F8E3D8 /* ProjectButton.swift in Sources */ = {isa = PBXBuildFile; fileRef = AFB1C3A8251B459600F8E3D8 /* ProjectButton.swift */; };
		AFB1C3AD251B492900F8E3D8 /* String+Extension.swift in Sources */ = {isa = PBXBuildFile; fileRef = AFB1C3AC251B492900F8E3D8 /* String+Extension.swift */; };
		AFB1C3B0251B633C00F8E3D8 /* Shell.swift in Sources */ = {isa = PBXBuildFile; fileRef = AFB1C3AF251B633C00F8E3D8 /* Shell.swift */; };
		AFBB9A4B252609040004F78B /* UnityButtonStyle.swift in Sources */ = {isa = PBXBuildFile; fileRef = AFBB9A4A252609040004F78B /* UnityButtonStyle.swift */; };
		AFBB9A4F25260B000004F78B /* Color+Extension.swift in Sources */ = {isa = PBXBuildFile; fileRef = AFBB9A4E25260B000004F78B /* Color+Extension.swift */; };
		AFC23C5825257E0700F5FE4B /* PrereleaseTag.swift in Sources */ = {isa = PBXBuildFile; fileRef = AFC23C5725257E0700F5FE4B /* PrereleaseTag.swift */; };
		AFCB17D225F1ECF800A8B918 /* LazyView.swift in Sources */ = {isa = PBXBuildFile; fileRef = AFCB17D125F1ECF800A8B918 /* LazyView.swift */; };
		AFDFD24E25F51D1200E4F9D0 /* SlidableModifier.swift in Sources */ = {isa = PBXBuildFile; fileRef = AFDFD24925F51D1100E4F9D0 /* SlidableModifier.swift */; };
		AFDFD24F25F51D1200E4F9D0 /* Slot.swift in Sources */ = {isa = PBXBuildFile; fileRef = AFDFD24A25F51D1100E4F9D0 /* Slot.swift */; };
		AFDFD25125F51D1200E4F9D0 /* Extensions.swift in Sources */ = {isa = PBXBuildFile; fileRef = AFDFD24D25F51D1100E4F9D0 /* Extensions.swift */; };
		AFEAC8072525D9D6009C4AB2 /* AdvancedProjectSettingsSheet.swift in Sources */ = {isa = PBXBuildFile; fileRef = AFEAC8062525D9D6009C4AB2 /* AdvancedProjectSettingsSheet.swift */; };
		AFEB99542611856D006E4E91 /* CGFloat+Extension.swift in Sources */ = {isa = PBXBuildFile; fileRef = AFEB99532611856D006E4E91 /* CGFloat+Extension.swift */; };
		AFEB9956261188EC006E4E91 /* HubData.swift in Sources */ = {isa = PBXBuildFile; fileRef = AFEB9955261188EC006E4E91 /* HubData.swift */; };
		AFEB995826118940006E4E91 /* ProjectData.swift in Sources */ = {isa = PBXBuildFile; fileRef = AFEB995726118940006E4E91 /* ProjectData.swift */; };
		AFFDD8B3251B08EB000AE12C /* InstalledVersionButton.swift in Sources */ = {isa = PBXBuildFile; fileRef = AFFDD8B2251B08EB000AE12C /* InstalledVersionButton.swift */; };
		AFFE8EA325F9AE420086F887 /* LocationSetting.swift in Sources */ = {isa = PBXBuildFile; fileRef = AFFE8EA225F9AE420086F887 /* LocationSetting.swift */; };
		AFFE8EA725F9B3830086F887 /* UserDefaults+Extension.swift in Sources */ = {isa = PBXBuildFile; fileRef = AFFE8EA625F9B3830086F887 /* UserDefaults+Extension.swift */; };
		AFFE8EAA25F9B4230086F887 /* ToggleSetting.swift in Sources */ = {isa = PBXBuildFile; fileRef = AFFE8EA925F9B4230086F887 /* ToggleSetting.swift */; };
/* End PBXBuildFile section */

/* Begin PBXCopyFilesBuildPhase section */
		AFB954CE2538523800D62BC8 /* Embed App Extensions */ = {
			isa = PBXCopyFilesBuildPhase;
			buildActionMask = 2147483647;
			dstPath = "";
			dstSubfolderSpec = 13;
			files = (
			);
			name = "Embed App Extensions";
			runOnlyForDeploymentPostprocessing = 0;
		};
/* End PBXCopyFilesBuildPhase section */

/* Begin PBXFileReference section */
		AF08B5432524309600E7D16B /* VisualEffectView.swift */ = {isa = PBXFileReference; fileEncoding = 4; lastKnownFileType = sourcecode.swift; path = VisualEffectView.swift; sourceTree = "<group>"; };
		AF08B5462524430400E7D16B /* SelectProjectVersionSheet.swift */ = {isa = PBXFileReference; lastKnownFileType = sourcecode.swift; path = SelectProjectVersionSheet.swift; sourceTree = "<group>"; };
		AF146CAE25622B990032343F /* VersionSheet.swift */ = {isa = PBXFileReference; lastKnownFileType = sourcecode.swift; path = VersionSheet.swift; sourceTree = "<group>"; };
		AF146CB225622BA30032343F /* ModuleSheet.swift */ = {isa = PBXFileReference; lastKnownFileType = sourcecode.swift; path = ModuleSheet.swift; sourceTree = "<group>"; };
		AF16EDE7251AEC1700C939AA /* SidebarItem.swift */ = {isa = PBXFileReference; lastKnownFileType = sourcecode.swift; path = SidebarItem.swift; sourceTree = "<group>"; };
		AF16EDEE251AED6100C939AA /* ProjectPanel.swift */ = {isa = PBXFileReference; lastKnownFileType = sourcecode.swift; path = ProjectPanel.swift; sourceTree = "<group>"; };
		AF16EDF6251AEF4000C939AA /* TabSelector.swift */ = {isa = PBXFileReference; lastKnownFileType = sourcecode.swift; path = TabSelector.swift; sourceTree = "<group>"; };
		AF16FF23251B8CAD00C8A2A9 /* InstallSheet.swift */ = {isa = PBXFileReference; lastKnownFileType = sourcecode.swift; path = InstallSheet.swift; sourceTree = "<group>"; };
		AF16FF26251B8EA500C8A2A9 /* UnityVersion.swift */ = {isa = PBXFileReference; lastKnownFileType = sourcecode.swift; path = UnityVersion.swift; sourceTree = "<group>"; };
		AF219E72252C5FF6008CE04C /* WidgetKit.framework */ = {isa = PBXFileReference; lastKnownFileType = wrapper.framework; name = WidgetKit.framework; path = System/Library/Frameworks/WidgetKit.framework; sourceTree = SDKROOT; };
		AF219E74252C5FF6008CE04C /* SwiftUI.framework */ = {isa = PBXFileReference; lastKnownFileType = wrapper.framework; name = SwiftUI.framework; path = System/Library/Frameworks/SwiftUI.framework; sourceTree = SDKROOT; };
		AF34E220251AF91F00192E53 /* InstalledVersionPanel.swift */ = {isa = PBXFileReference; lastKnownFileType = sourcecode.swift; path = InstalledVersionPanel.swift; sourceTree = "<group>"; };
		AF34E225251AFD2D00192E53 /* SettingsView.swift */ = {isa = PBXFileReference; lastKnownFileType = sourcecode.swift; path = SettingsView.swift; sourceTree = "<group>"; };
		AF34E22A251AFE5300192E53 /* HubSettings.swift */ = {isa = PBXFileReference; lastKnownFileType = sourcecode.swift; path = HubSettings.swift; sourceTree = "<group>"; };
		AF59FEA4251EBB4A0093D284 /* EmojiPickerSheet.swift */ = {isa = PBXFileReference; lastKnownFileType = sourcecode.swift; path = EmojiPickerSheet.swift; sourceTree = "<group>"; };
		AF5A94CF251BF9E3002FA410 /* DownloadInfo.swift */ = {isa = PBXFileReference; lastKnownFileType = sourcecode.swift; path = DownloadInfo.swift; sourceTree = "<group>"; };
		AF66EBEA251AE3900088EC84 /* Unity Hub S.app */ = {isa = PBXFileReference; explicitFileType = wrapper.application; includeInIndex = 0; path = "Unity Hub S.app"; sourceTree = BUILT_PRODUCTS_DIR; };
		AF66EBED251AE3900088EC84 /* UnityHubApp.swift */ = {isa = PBXFileReference; lastKnownFileType = sourcecode.swift; path = UnityHubApp.swift; sourceTree = "<group>"; };
		AF66EBEF251AE3900088EC84 /* ContentView.swift */ = {isa = PBXFileReference; lastKnownFileType = sourcecode.swift; path = ContentView.swift; sourceTree = "<group>"; };
		AF66EBF1251AE3910088EC84 /* Assets.xcassets */ = {isa = PBXFileReference; lastKnownFileType = folder.assetcatalog; path = Assets.xcassets; sourceTree = "<group>"; };
		AF66EBF4251AE3910088EC84 /* Preview Assets.xcassets */ = {isa = PBXFileReference; lastKnownFileType = folder.assetcatalog; path = "Preview Assets.xcassets"; sourceTree = "<group>"; };
		AF66EBF9251AE3910088EC84 /* Info.plist */ = {isa = PBXFileReference; lastKnownFileType = text.plist.xml; path = Info.plist; sourceTree = "<group>"; };
		AF66EBFA251AE3910088EC84 /* Unity_Hub.entitlements */ = {isa = PBXFileReference; lastKnownFileType = text.plist.entitlements; path = Unity_Hub.entitlements; sourceTree = "<group>"; };
		AF66EC01251AE57D0088EC84 /* SVGShapes.swift */ = {isa = PBXFileReference; lastKnownFileType = sourcecode.swift; path = SVGShapes.swift; sourceTree = "<group>"; };
		AF73A4DB25F0ACBF00B2EA1C /* SidebarItemView.swift */ = {isa = PBXFileReference; lastKnownFileType = sourcecode.swift; path = SidebarItemView.swift; sourceTree = "<group>"; };
		AF75222325F9D0EB00549E0E /* SearchBar.swift */ = {isa = PBXFileReference; lastKnownFileType = sourcecode.swift; path = SearchBar.swift; sourceTree = "<group>"; };
		AFA0862B251B1CFB00B1B985 /* NSOpenPanel+Extension.swift */ = {isa = PBXFileReference; lastKnownFileType = sourcecode.swift; path = "NSOpenPanel+Extension.swift"; sourceTree = "<group>"; };
		AFAEFA1325F1B4690010B492 /* InstallModuleSheet.swift */ = {isa = PBXFileReference; lastKnownFileType = sourcecode.swift; path = InstallModuleSheet.swift; sourceTree = "<group>"; };
		AFAEFA1825F1CCC50010B492 /* InstalledModuleButton.swift */ = {isa = PBXFileReference; lastKnownFileType = sourcecode.swift; path = InstalledModuleButton.swift; sourceTree = "<group>"; };
		AFB1C3A2251B325000F8E3D8 /* UnityModule.swift */ = {isa = PBXFileReference; lastKnownFileType = sourcecode.swift; path = UnityModule.swift; sourceTree = "<group>"; };
		AFB1C3A5251B357A00F8E3D8 /* ModuleJSON.swift */ = {isa = PBXFileReference; lastKnownFileType = sourcecode.swift; path = ModuleJSON.swift; sourceTree = "<group>"; };
		AFB1C3A8251B459600F8E3D8 /* ProjectButton.swift */ = {isa = PBXFileReference; lastKnownFileType = sourcecode.swift; path = ProjectButton.swift; sourceTree = "<group>"; };
		AFB1C3AC251B492900F8E3D8 /* String+Extension.swift */ = {isa = PBXFileReference; lastKnownFileType = sourcecode.swift; path = "String+Extension.swift"; sourceTree = "<group>"; };
		AFB1C3AF251B633C00F8E3D8 /* Shell.swift */ = {isa = PBXFileReference; lastKnownFileType = sourcecode.swift; path = Shell.swift; sourceTree = "<group>"; };
		AFBB9A4A252609040004F78B /* UnityButtonStyle.swift */ = {isa = PBXFileReference; lastKnownFileType = sourcecode.swift; path = UnityButtonStyle.swift; sourceTree = "<group>"; };
		AFBB9A4E25260B000004F78B /* Color+Extension.swift */ = {isa = PBXFileReference; lastKnownFileType = sourcecode.swift; path = "Color+Extension.swift"; sourceTree = "<group>"; };
		AFC23C5725257E0700F5FE4B /* PrereleaseTag.swift */ = {isa = PBXFileReference; lastKnownFileType = sourcecode.swift; path = PrereleaseTag.swift; sourceTree = "<group>"; };
		AFCB17D125F1ECF800A8B918 /* LazyView.swift */ = {isa = PBXFileReference; lastKnownFileType = sourcecode.swift; path = LazyView.swift; sourceTree = "<group>"; };
		AFDFD24925F51D1100E4F9D0 /* SlidableModifier.swift */ = {isa = PBXFileReference; fileEncoding = 4; lastKnownFileType = sourcecode.swift; path = SlidableModifier.swift; sourceTree = "<group>"; };
		AFDFD24A25F51D1100E4F9D0 /* Slot.swift */ = {isa = PBXFileReference; fileEncoding = 4; lastKnownFileType = sourcecode.swift; path = Slot.swift; sourceTree = "<group>"; };
		AFDFD24D25F51D1100E4F9D0 /* Extensions.swift */ = {isa = PBXFileReference; fileEncoding = 4; lastKnownFileType = sourcecode.swift; path = Extensions.swift; sourceTree = "<group>"; };
		AFEAC8062525D9D6009C4AB2 /* AdvancedProjectSettingsSheet.swift */ = {isa = PBXFileReference; lastKnownFileType = sourcecode.swift; path = AdvancedProjectSettingsSheet.swift; sourceTree = "<group>"; };
		AFEB99532611856D006E4E91 /* CGFloat+Extension.swift */ = {isa = PBXFileReference; lastKnownFileType = sourcecode.swift; path = "CGFloat+Extension.swift"; sourceTree = "<group>"; };
		AFEB9955261188EC006E4E91 /* HubData.swift */ = {isa = PBXFileReference; lastKnownFileType = sourcecode.swift; path = HubData.swift; sourceTree = "<group>"; };
		AFEB995726118940006E4E91 /* ProjectData.swift */ = {isa = PBXFileReference; lastKnownFileType = sourcecode.swift; path = ProjectData.swift; sourceTree = "<group>"; };
		AFFDD8B2251B08EB000AE12C /* InstalledVersionButton.swift */ = {isa = PBXFileReference; lastKnownFileType = sourcecode.swift; path = InstalledVersionButton.swift; sourceTree = "<group>"; };
		AFFE8EA225F9AE420086F887 /* LocationSetting.swift */ = {isa = PBXFileReference; lastKnownFileType = sourcecode.swift; path = LocationSetting.swift; sourceTree = "<group>"; };
		AFFE8EA625F9B3830086F887 /* UserDefaults+Extension.swift */ = {isa = PBXFileReference; lastKnownFileType = sourcecode.swift; path = "UserDefaults+Extension.swift"; sourceTree = "<group>"; };
		AFFE8EA925F9B4230086F887 /* ToggleSetting.swift */ = {isa = PBXFileReference; lastKnownFileType = sourcecode.swift; path = ToggleSetting.swift; sourceTree = "<group>"; };
/* End PBXFileReference section */

/* Begin PBXFrameworksBuildPhase section */
		AF66EBE7251AE3900088EC84 /* Frameworks */ = {
			isa = PBXFrameworksBuildPhase;
			buildActionMask = 2147483647;
			files = (
				AF4D2104251EBA220029101C /* Smile in Frameworks */,
			);
			runOnlyForDeploymentPostprocessing = 0;
		};
/* End PBXFrameworksBuildPhase section */

/* Begin PBXGroup section */
		AF219E71252C5FF6008CE04C /* Frameworks */ = {
			isa = PBXGroup;
			children = (
				AFDFD24825F51D1100E4F9D0 /* SwipeCell */,
				AF219E72252C5FF6008CE04C /* WidgetKit.framework */,
				AF219E74252C5FF6008CE04C /* SwiftUI.framework */,
			);
			name = Frameworks;
			sourceTree = "<group>";
		};
		AF66EBE1251AE3900088EC84 = {
			isa = PBXGroup;
			children = (
				AF219E71252C5FF6008CE04C /* Frameworks */,
				AF66EBEB251AE3900088EC84 /* Products */,
				AF66EBEC251AE3900088EC84 /* Unity Hub */,
			);
			sourceTree = "<group>";
		};
		AF66EBEB251AE3900088EC84 /* Products */ = {
			isa = PBXGroup;
			children = (
				AF66EBEA251AE3900088EC84 /* Unity Hub S.app */,
			);
			name = Products;
			sourceTree = "<group>";
		};
		AF66EBEC251AE3900088EC84 /* Unity Hub */ = {
			isa = PBXGroup;
			children = (
				AF66EBFA251AE3910088EC84 /* Unity_Hub.entitlements */,
				AF66EBF9251AE3910088EC84 /* Info.plist */,
				AF66EBED251AE3900088EC84 /* UnityHubApp.swift */,
				AF66EBF1251AE3910088EC84 /* Assets.xcassets */,
				AFC933F32527F6BB00E5ECDE /* Data */,
				AFC933F72527F70B00E5ECDE /* Extensions */,
				AF66EBF3251AE3910088EC84 /* Preview Content */,
				AFC933F22527F6B300E5ECDE /* Views */,
			);
			path = "Unity Hub";
			sourceTree = "<group>";
		};
		AF66EBF3251AE3910088EC84 /* Preview Content */ = {
			isa = PBXGroup;
			children = (
				AF66EBF4251AE3910088EC84 /* Preview Assets.xcassets */,
			);
			path = "Preview Content";
			sourceTree = "<group>";
		};
		AF9F946125F14C7100539C3A /* Settings */ = {
			isa = PBXGroup;
			children = (
				AF34E225251AFD2D00192E53 /* SettingsView.swift */,
				AFFE8EA225F9AE420086F887 /* LocationSetting.swift */,
				AFFE8EA925F9B4230086F887 /* ToggleSetting.swift */,
			);
			path = Settings;
			sourceTree = "<group>";
		};
		AFC933F22527F6B300E5ECDE /* Views */ = {
			isa = PBXGroup;
			children = (
				AF66EBEF251AE3900088EC84 /* ContentView.swift */,
				AF16EDF6251AEF4000C939AA /* TabSelector.swift */,
				AF08B5432524309600E7D16B /* VisualEffectView.swift */,
				AF66EC01251AE57D0088EC84 /* SVGShapes.swift */,
				AF75222325F9D0EB00549E0E /* SearchBar.swift */,
				AFD0D1CC25F50CC200373759 /* Project */,
				AFD0D1CB25F50CB300373759 /* Version */,
				AFFE8EAC25F9C1210086F887 /* Sidebar */,
				AF9F946125F14C7100539C3A /* Settings */,
				AFC933F42527F6C500E5ECDE /* Sheets */,
				AFC933FB2527F82300E5ECDE /* Styles */,
			);
			path = Views;
			sourceTree = "<group>";
		};
		AFC933F32527F6BB00E5ECDE /* Data */ = {
			isa = PBXGroup;
			children = (
				AF34E22A251AFE5300192E53 /* HubSettings.swift */,
				AFEB9955261188EC006E4E91 /* HubData.swift */,
				AF5A94CF251BF9E3002FA410 /* DownloadInfo.swift */,
				AFB1C3A5251B357A00F8E3D8 /* ModuleJSON.swift */,
				AFB1C3A2251B325000F8E3D8 /* UnityModule.swift */,
				AF16FF26251B8EA500C8A2A9 /* UnityVersion.swift */,
				AFEB995726118940006E4E91 /* ProjectData.swift */,
			);
			path = Data;
			sourceTree = "<group>";
		};
		AFC933F42527F6C500E5ECDE /* Sheets */ = {
			isa = PBXGroup;
			children = (
				AFEAC8062525D9D6009C4AB2 /* AdvancedProjectSettingsSheet.swift */,
				AF59FEA4251EBB4A0093D284 /* EmojiPickerSheet.swift */,
				AF08B5462524430400E7D16B /* SelectProjectVersionSheet.swift */,
				AF16FF23251B8CAD00C8A2A9 /* InstallSheet.swift */,
				AFAEFA1325F1B4690010B492 /* InstallModuleSheet.swift */,
				AF146CAE25622B990032343F /* VersionSheet.swift */,
				AF146CB225622BA30032343F /* ModuleSheet.swift */,
			);
			path = Sheets;
			sourceTree = "<group>";
		};
		AFC933F72527F70B00E5ECDE /* Extensions */ = {
			isa = PBXGroup;
			children = (
				AFBB9A4E25260B000004F78B /* Color+Extension.swift */,
				AFA0862B251B1CFB00B1B985 /* NSOpenPanel+Extension.swift */,
				AFB1C3AF251B633C00F8E3D8 /* Shell.swift */,
				AFB1C3AC251B492900F8E3D8 /* String+Extension.swift */,
				AFCB17D125F1ECF800A8B918 /* LazyView.swift */,
				AFFE8EA625F9B3830086F887 /* UserDefaults+Extension.swift */,
				AFEB99532611856D006E4E91 /* CGFloat+Extension.swift */,
			);
			path = Extensions;
			sourceTree = "<group>";
		};
		AFC933FB2527F82300E5ECDE /* Styles */ = {
			isa = PBXGroup;
			children = (
				AFBB9A4A252609040004F78B /* UnityButtonStyle.swift */,
			);
			path = Styles;
			sourceTree = "<group>";
		};
		AFD0D1CB25F50CB300373759 /* Version */ = {
			isa = PBXGroup;
			children = (
				AF34E220251AF91F00192E53 /* InstalledVersionPanel.swift */,
				AFFDD8B2251B08EB000AE12C /* InstalledVersionButton.swift */,
				AFAEFA1825F1CCC50010B492 /* InstalledModuleButton.swift */,
				AFC23C5725257E0700F5FE4B /* PrereleaseTag.swift */,
			);
			path = Version;
			sourceTree = "<group>";
		};
		AFD0D1CC25F50CC200373759 /* Project */ = {
			isa = PBXGroup;
			children = (
				AF16EDEE251AED6100C939AA /* ProjectPanel.swift */,
				AFB1C3A8251B459600F8E3D8 /* ProjectButton.swift */,
			);
			path = Project;
			sourceTree = "<group>";
		};
		AFDFD24825F51D1100E4F9D0 /* SwipeCell */ = {
			isa = PBXGroup;
			children = (
				AFDFD24925F51D1100E4F9D0 /* SlidableModifier.swift */,
				AFDFD24A25F51D1100E4F9D0 /* Slot.swift */,
				AFDFD24D25F51D1100E4F9D0 /* Extensions.swift */,
			);
			path = SwipeCell;
			sourceTree = "<group>";
		};
		AFFE8EAC25F9C1210086F887 /* Sidebar */ = {
			isa = PBXGroup;
			children = (
				AF16EDE7251AEC1700C939AA /* SidebarItem.swift */,
				AF73A4DB25F0ACBF00B2EA1C /* SidebarItemView.swift */,
			);
			path = Sidebar;
			sourceTree = "<group>";
		};
/* End PBXGroup section */

/* Begin PBXNativeTarget section */
		AF66EBE9251AE3900088EC84 /* Unity Hub S */ = {
			isa = PBXNativeTarget;
			buildConfigurationList = AF66EBFD251AE3910088EC84 /* Build configuration list for PBXNativeTarget "Unity Hub S" */;
			buildPhases = (
				AF66EBE6251AE3900088EC84 /* Sources */,
				AF66EBE7251AE3900088EC84 /* Frameworks */,
				AF66EBE8251AE3900088EC84 /* Resources */,
				AFB954CE2538523800D62BC8 /* Embed App Extensions */,
			);
			buildRules = (
			);
			dependencies = (
			);
			name = "Unity Hub S";
			packageProductDependencies = (
				AF4D2103251EBA220029101C /* Smile */,
			);
			productName = "Unity Hub";
			productReference = AF66EBEA251AE3900088EC84 /* Unity Hub S.app */;
			productType = "com.apple.product-type.application";
		};
/* End PBXNativeTarget section */

/* Begin PBXProject section */
		AF66EBE2251AE3900088EC84 /* Project object */ = {
			isa = PBXProject;
			attributes = {
				LastSwiftUpdateCheck = 1220;
				LastUpgradeCheck = 1240;
				TargetAttributes = {
					AF66EBE9251AE3900088EC84 = {
						CreatedOnToolsVersion = 12.2;
					};
				};
			};
			buildConfigurationList = AF66EBE5251AE3900088EC84 /* Build configuration list for PBXProject "Unity Hub" */;
			compatibilityVersion = "Xcode 9.3";
			developmentRegion = en;
			hasScannedForEncodings = 0;
			knownRegions = (
				en,
				Base,
				vi,
			);
			mainGroup = AF66EBE1251AE3900088EC84;
			packageReferences = (
				AF4D2102251EBA220029101C /* XCRemoteSwiftPackageReference "Smile" */,
			);
			productRefGroup = AF66EBEB251AE3900088EC84 /* Products */;
			projectDirPath = "";
			projectRoot = "";
			targets = (
				AF66EBE9251AE3900088EC84 /* Unity Hub S */,
			);
		};
/* End PBXProject section */

/* Begin PBXResourcesBuildPhase section */
		AF66EBE8251AE3900088EC84 /* Resources */ = {
			isa = PBXResourcesBuildPhase;
			buildActionMask = 2147483647;
			files = (
				AF66EBF5251AE3910088EC84 /* Preview Assets.xcassets in Resources */,
				AF66EBF2251AE3910088EC84 /* Assets.xcassets in Resources */,
			);
			runOnlyForDeploymentPostprocessing = 0;
		};
/* End PBXResourcesBuildPhase section */

/* Begin PBXSourcesBuildPhase section */
		AF66EBE6251AE3900088EC84 /* Sources */ = {
			isa = PBXSourcesBuildPhase;
			buildActionMask = 2147483647;
			files = (
				AFFE8EA725F9B3830086F887 /* UserDefaults+Extension.swift in Sources */,
				AFEB995826118940006E4E91 /* ProjectData.swift in Sources */,
				AF146CAF25622B990032343F /* VersionSheet.swift in Sources */,
				AFEB9956261188EC006E4E91 /* HubData.swift in Sources */,
				AFB1C3A6251B357A00F8E3D8 /* ModuleJSON.swift in Sources */,
				AFFE8EAA25F9B4230086F887 /* ToggleSetting.swift in Sources */,
				AFA0862C251B1CFB00B1B985 /* NSOpenPanel+Extension.swift in Sources */,
				AFAEFA1425F1B4690010B492 /* InstallModuleSheet.swift in Sources */,
				AF5A94D0251BF9E3002FA410 /* DownloadInfo.swift in Sources */,
				AFDFD24E25F51D1200E4F9D0 /* SlidableModifier.swift in Sources */,
				AF66EBF0251AE3900088EC84 /* ContentView.swift in Sources */,
				AF34E226251AFD2D00192E53 /* SettingsView.swift in Sources */,
				AFDFD24F25F51D1200E4F9D0 /* Slot.swift in Sources */,
				AF08B5472524430400E7D16B /* SelectProjectVersionSheet.swift in Sources */,
				AFB1C3A3251B325000F8E3D8 /* UnityModule.swift in Sources */,
				AF73A4DC25F0ACBF00B2EA1C /* SidebarItemView.swift in Sources */,
				AFFE8EA325F9AE420086F887 /* LocationSetting.swift in Sources */,
				AF66EBEE251AE3900088EC84 /* UnityHubApp.swift in Sources */,
				AF16EDF7251AEF4000C939AA /* TabSelector.swift in Sources */,
				AFBB9A4F25260B000004F78B /* Color+Extension.swift in Sources */,
				AFEAC8072525D9D6009C4AB2 /* AdvancedProjectSettingsSheet.swift in Sources */,
				AFB1C3B0251B633C00F8E3D8 /* Shell.swift in Sources */,
				AF16FF24251B8CAD00C8A2A9 /* InstallSheet.swift in Sources */,
				AFAEFA1925F1CCC50010B492 /* InstalledModuleButton.swift in Sources */,
				AFBB9A4B252609040004F78B /* UnityButtonStyle.swift in Sources */,
				AFFDD8B3251B08EB000AE12C /* InstalledVersionButton.swift in Sources */,
				AF16FF27251B8EA500C8A2A9 /* UnityVersion.swift in Sources */,
				AFEB99542611856D006E4E91 /* CGFloat+Extension.swift in Sources */,
				AFCB17D225F1ECF800A8B918 /* LazyView.swift in Sources */,
				AF59FEA5251EBB4A0093D284 /* EmojiPickerSheet.swift in Sources */,
				AF34E22B251AFE5300192E53 /* HubSettings.swift in Sources */,
				AF146CB325622BA30032343F /* ModuleSheet.swift in Sources */,
				AFB1C3A9251B459600F8E3D8 /* ProjectButton.swift in Sources */,
				AF16EDEF251AED6100C939AA /* ProjectPanel.swift in Sources */,
				AFC23C5825257E0700F5FE4B /* PrereleaseTag.swift in Sources */,
				AF75222425F9D0EB00549E0E /* SearchBar.swift in Sources */,
				AF08B5442524309700E7D16B /* VisualEffectView.swift in Sources */,
				AFDFD25125F51D1200E4F9D0 /* Extensions.swift in Sources */,
				AF34E221251AF91F00192E53 /* InstalledVersionPanel.swift in Sources */,
				AFB1C3AD251B492900F8E3D8 /* String+Extension.swift in Sources */,
				AF16EDE8251AEC1700C939AA /* SidebarItem.swift in Sources */,
				AF66EC02251AE57D0088EC84 /* SVGShapes.swift in Sources */,
			);
			runOnlyForDeploymentPostprocessing = 0;
		};
/* End PBXSourcesBuildPhase section */

/* Begin XCBuildConfiguration section */
		AF66EBFB251AE3910088EC84 /* Debug */ = {
			isa = XCBuildConfiguration;
			buildSettings = {
				ALWAYS_SEARCH_USER_PATHS = NO;
				CLANG_ANALYZER_LOCALIZABILITY_NONLOCALIZED = YES;
				CLANG_ANALYZER_NONNULL = YES;
				CLANG_ANALYZER_NUMBER_OBJECT_CONVERSION = YES_AGGRESSIVE;
				CLANG_CXX_LANGUAGE_STANDARD = "gnu++14";
				CLANG_CXX_LIBRARY = "libc++";
				CLANG_ENABLE_MODULES = YES;
				CLANG_ENABLE_OBJC_ARC = YES;
				CLANG_ENABLE_OBJC_WEAK = YES;
				CLANG_WARN_BLOCK_CAPTURE_AUTORELEASING = YES;
				CLANG_WARN_BOOL_CONVERSION = YES;
				CLANG_WARN_COMMA = YES;
				CLANG_WARN_CONSTANT_CONVERSION = YES;
				CLANG_WARN_DEPRECATED_OBJC_IMPLEMENTATIONS = YES;
				CLANG_WARN_DIRECT_OBJC_ISA_USAGE = YES_ERROR;
				CLANG_WARN_DOCUMENTATION_COMMENTS = YES;
				CLANG_WARN_EMPTY_BODY = YES;
				CLANG_WARN_ENUM_CONVERSION = YES;
				CLANG_WARN_INFINITE_RECURSION = YES;
				CLANG_WARN_INT_CONVERSION = YES;
				CLANG_WARN_NON_LITERAL_NULL_CONVERSION = YES;
				CLANG_WARN_OBJC_IMPLICIT_RETAIN_SELF = YES;
				CLANG_WARN_OBJC_LITERAL_CONVERSION = YES;
				CLANG_WARN_OBJC_ROOT_CLASS = YES_ERROR;
				CLANG_WARN_QUOTED_INCLUDE_IN_FRAMEWORK_HEADER = YES;
				CLANG_WARN_RANGE_LOOP_ANALYSIS = YES;
				CLANG_WARN_STRICT_PROTOTYPES = YES;
				CLANG_WARN_SUSPICIOUS_MOVE = YES;
				CLANG_WARN_UNGUARDED_AVAILABILITY = YES_AGGRESSIVE;
				CLANG_WARN_UNREACHABLE_CODE = YES;
				CLANG_WARN__DUPLICATE_METHOD_MATCH = YES;
				COPY_PHASE_STRIP = NO;
				DEBUG_INFORMATION_FORMAT = dwarf;
				ENABLE_STRICT_OBJC_MSGSEND = YES;
				ENABLE_TESTABILITY = YES;
				GCC_C_LANGUAGE_STANDARD = gnu11;
				GCC_DYNAMIC_NO_PIC = NO;
				GCC_NO_COMMON_BLOCKS = YES;
				GCC_OPTIMIZATION_LEVEL = 0;
				GCC_PREPROCESSOR_DEFINITIONS = (
					"DEBUG=1",
					"$(inherited)",
				);
				GCC_WARN_64_TO_32_BIT_CONVERSION = YES;
				GCC_WARN_ABOUT_RETURN_TYPE = YES_ERROR;
				GCC_WARN_UNDECLARED_SELECTOR = YES;
				GCC_WARN_UNINITIALIZED_AUTOS = YES_AGGRESSIVE;
				GCC_WARN_UNUSED_FUNCTION = YES;
				GCC_WARN_UNUSED_VARIABLE = YES;
				MACOSX_DEPLOYMENT_TARGET = 11.0;
				MTL_ENABLE_DEBUG_INFO = INCLUDE_SOURCE;
				MTL_FAST_MATH = YES;
				ONLY_ACTIVE_ARCH = YES;
				SDKROOT = macosx;
				SWIFT_ACTIVE_COMPILATION_CONDITIONS = DEBUG;
				SWIFT_OPTIMIZATION_LEVEL = "-Onone";
			};
			name = Debug;
		};
		AF66EBFC251AE3910088EC84 /* Release */ = {
			isa = XCBuildConfiguration;
			buildSettings = {
				ALWAYS_SEARCH_USER_PATHS = NO;
				CLANG_ANALYZER_LOCALIZABILITY_NONLOCALIZED = YES;
				CLANG_ANALYZER_NONNULL = YES;
				CLANG_ANALYZER_NUMBER_OBJECT_CONVERSION = YES_AGGRESSIVE;
				CLANG_CXX_LANGUAGE_STANDARD = "gnu++14";
				CLANG_CXX_LIBRARY = "libc++";
				CLANG_ENABLE_MODULES = YES;
				CLANG_ENABLE_OBJC_ARC = YES;
				CLANG_ENABLE_OBJC_WEAK = YES;
				CLANG_WARN_BLOCK_CAPTURE_AUTORELEASING = YES;
				CLANG_WARN_BOOL_CONVERSION = YES;
				CLANG_WARN_COMMA = YES;
				CLANG_WARN_CONSTANT_CONVERSION = YES;
				CLANG_WARN_DEPRECATED_OBJC_IMPLEMENTATIONS = YES;
				CLANG_WARN_DIRECT_OBJC_ISA_USAGE = YES_ERROR;
				CLANG_WARN_DOCUMENTATION_COMMENTS = YES;
				CLANG_WARN_EMPTY_BODY = YES;
				CLANG_WARN_ENUM_CONVERSION = YES;
				CLANG_WARN_INFINITE_RECURSION = YES;
				CLANG_WARN_INT_CONVERSION = YES;
				CLANG_WARN_NON_LITERAL_NULL_CONVERSION = YES;
				CLANG_WARN_OBJC_IMPLICIT_RETAIN_SELF = YES;
				CLANG_WARN_OBJC_LITERAL_CONVERSION = YES;
				CLANG_WARN_OBJC_ROOT_CLASS = YES_ERROR;
				CLANG_WARN_QUOTED_INCLUDE_IN_FRAMEWORK_HEADER = YES;
				CLANG_WARN_RANGE_LOOP_ANALYSIS = YES;
				CLANG_WARN_STRICT_PROTOTYPES = YES;
				CLANG_WARN_SUSPICIOUS_MOVE = YES;
				CLANG_WARN_UNGUARDED_AVAILABILITY = YES_AGGRESSIVE;
				CLANG_WARN_UNREACHABLE_CODE = YES;
				CLANG_WARN__DUPLICATE_METHOD_MATCH = YES;
				COPY_PHASE_STRIP = NO;
				DEBUG_INFORMATION_FORMAT = "dwarf-with-dsym";
				ENABLE_NS_ASSERTIONS = NO;
				ENABLE_STRICT_OBJC_MSGSEND = YES;
				GCC_C_LANGUAGE_STANDARD = gnu11;
				GCC_NO_COMMON_BLOCKS = YES;
				GCC_WARN_64_TO_32_BIT_CONVERSION = YES;
				GCC_WARN_ABOUT_RETURN_TYPE = YES_ERROR;
				GCC_WARN_UNDECLARED_SELECTOR = YES;
				GCC_WARN_UNINITIALIZED_AUTOS = YES_AGGRESSIVE;
				GCC_WARN_UNUSED_FUNCTION = YES;
				GCC_WARN_UNUSED_VARIABLE = YES;
				MACOSX_DEPLOYMENT_TARGET = 11.0;
				MTL_ENABLE_DEBUG_INFO = NO;
				MTL_FAST_MATH = YES;
				SDKROOT = macosx;
				SWIFT_COMPILATION_MODE = wholemodule;
				SWIFT_OPTIMIZATION_LEVEL = "-O";
			};
			name = Release;
		};
		AF66EBFE251AE3910088EC84 /* Debug */ = {
			isa = XCBuildConfiguration;
			buildSettings = {
				ASSETCATALOG_COMPILER_APPICON_NAME = AppIcon;
				ASSETCATALOG_COMPILER_GLOBAL_ACCENT_COLOR_NAME = AccentColor;
				CODE_SIGN_ENTITLEMENTS = "Unity Hub/Unity_Hub.entitlements";
				CODE_SIGN_IDENTITY = "-";
				CODE_SIGN_STYLE = Automatic;
				COMBINE_HIDPI_IMAGES = YES;
				DEVELOPMENT_ASSET_PATHS = "\"Unity Hub/Preview Content\"";
				DEVELOPMENT_TEAM = 838RGQ32CA;
				ENABLE_HARDENED_RUNTIME = YES;
				ENABLE_PREVIEWS = YES;
				INFOPLIST_FILE = "Unity Hub/Info.plist";
				LD_RUNPATH_SEARCH_PATHS = (
					"$(inherited)",
					"@executable_path/../Frameworks",
				);
				MACOSX_DEPLOYMENT_TARGET = 11.0;
				MARKETING_VERSION = 1.1;
				PRODUCT_BUNDLE_IDENTIFIER = RyanBoyer.UnityHub;
				PRODUCT_NAME = "$(TARGET_NAME)";
				SWIFT_VERSION = 5.0;
			};
			name = Debug;
		};
		AF66EBFF251AE3910088EC84 /* Release */ = {
			isa = XCBuildConfiguration;
			buildSettings = {
				ASSETCATALOG_COMPILER_APPICON_NAME = AppIcon;
				ASSETCATALOG_COMPILER_GLOBAL_ACCENT_COLOR_NAME = AccentColor;
				CODE_SIGN_ENTITLEMENTS = "Unity Hub/Unity_Hub.entitlements";
				CODE_SIGN_IDENTITY = "-";
				CODE_SIGN_STYLE = Automatic;
				COMBINE_HIDPI_IMAGES = YES;
				DEVELOPMENT_ASSET_PATHS = "\"Unity Hub/Preview Content\"";
				DEVELOPMENT_TEAM = 838RGQ32CA;
				ENABLE_HARDENED_RUNTIME = YES;
				ENABLE_PREVIEWS = YES;
				INFOPLIST_FILE = "Unity Hub/Info.plist";
				LD_RUNPATH_SEARCH_PATHS = (
					"$(inherited)",
					"@executable_path/../Frameworks",
				);
				MACOSX_DEPLOYMENT_TARGET = 11.0;
				MARKETING_VERSION = 1.1;
				PRODUCT_BUNDLE_IDENTIFIER = RyanBoyer.UnityHub;
				PRODUCT_NAME = "$(TARGET_NAME)";
				SWIFT_VERSION = 5.0;
			};
			name = Release;
		};
/* End XCBuildConfiguration section */

/* Begin XCConfigurationList section */
		AF66EBE5251AE3900088EC84 /* Build configuration list for PBXProject "Unity Hub" */ = {
			isa = XCConfigurationList;
			buildConfigurations = (
				AF66EBFB251AE3910088EC84 /* Debug */,
				AF66EBFC251AE3910088EC84 /* Release */,
			);
			defaultConfigurationIsVisible = 0;
			defaultConfigurationName = Release;
		};
		AF66EBFD251AE3910088EC84 /* Build configuration list for PBXNativeTarget "Unity Hub S" */ = {
			isa = XCConfigurationList;
			buildConfigurations = (
				AF66EBFE251AE3910088EC84 /* Debug */,
				AF66EBFF251AE3910088EC84 /* Release */,
			);
			defaultConfigurationIsVisible = 0;
			defaultConfigurationName = Release;
		};
/* End XCConfigurationList section */

/* Begin XCRemoteSwiftPackageReference section */
		AF4D2102251EBA220029101C /* XCRemoteSwiftPackageReference "Smile" */ = {
			isa = XCRemoteSwiftPackageReference;
			repositoryURL = "https://github.com/onmyway133/Smile";
			requirement = {
				kind = upToNextMajorVersion;
				minimumVersion = 2.1.0;
			};
		};
/* End XCRemoteSwiftPackageReference section */

/* Begin XCSwiftPackageProductDependency section */
		AF4D2103251EBA220029101C /* Smile */ = {
			isa = XCSwiftPackageProductDependency;
			package = AF4D2102251EBA220029101C /* XCRemoteSwiftPackageReference "Smile" */;
			productName = Smile;
		};
/* End XCSwiftPackageProductDependency section */
	};
	rootObject = AF66EBE2251AE3900088EC84 /* Project object */;
}
