// !$*UTF8*$!
{
	archiveVersion = 1;
	classes = {
	};
	objectVersion = 52;
	objects = {

/* Begin PBXBuildFile section */
		AF16FF27251B8EA500C8A2A9 /* UnityVersion.swift in Sources */ = {isa = PBXBuildFile; fileRef = AF16FF26251B8EA500C8A2A9 /* UnityVersion.swift */; };
		AF34E22B251AFE5300192E53 /* AppState.swift in Sources */ = {isa = PBXBuildFile; fileRef = AF34E22A251AFE5300192E53 /* AppState.swift */; };
		AF3C26D82615DF4C0005B10E /* TrackingAreaView.swift in Sources */ = {isa = PBXBuildFile; fileRef = AF3C26D72615DF4C0005B10E /* TrackingAreaView.swift */; };
		AF4D2104251EBA220029101C /* Smile in Frameworks */ = {isa = PBXBuildFile; productRef = AF4D2103251EBA220029101C /* Smile */; };
		AF5A94D0251BF9E3002FA410 /* DownloadInfo.swift in Sources */ = {isa = PBXBuildFile; fileRef = AF5A94CF251BF9E3002FA410 /* DownloadInfo.swift */; };
		AF66EBEE251AE3900088EC84 /* UnityHubApp.swift in Sources */ = {isa = PBXBuildFile; fileRef = AF66EBED251AE3900088EC84 /* UnityHubApp.swift */; };
		AF66EBF0251AE3900088EC84 /* ContentView.swift in Sources */ = {isa = PBXBuildFile; fileRef = AF66EBEF251AE3900088EC84 /* ContentView.swift */; };
		AF66EBF2251AE3910088EC84 /* Assets.xcassets in Resources */ = {isa = PBXBuildFile; fileRef = AF66EBF1251AE3910088EC84 /* Assets.xcassets */; };
		AFA0862C251B1CFB00B1B985 /* NSOpenPanel+Extension.swift in Sources */ = {isa = PBXBuildFile; fileRef = AFA0862B251B1CFB00B1B985 /* NSOpenPanel+Extension.swift */; };
		AFAA5C9B2690695E00133C13 /* View+Extension.swift in Sources */ = {isa = PBXBuildFile; fileRef = AFAA5C9A2690695E00133C13 /* View+Extension.swift */; };
		AFAA5C9D2690698A00133C13 /* Bool+Extension.swift in Sources */ = {isa = PBXBuildFile; fileRef = AFAA5C9C2690698A00133C13 /* Bool+Extension.swift */; };
		AFB1C3A3251B325000F8E3D8 /* UnityModule.swift in Sources */ = {isa = PBXBuildFile; fileRef = AFB1C3A2251B325000F8E3D8 /* UnityModule.swift */; };
		AFB1C3A6251B357A00F8E3D8 /* ModuleJSON.swift in Sources */ = {isa = PBXBuildFile; fileRef = AFB1C3A5251B357A00F8E3D8 /* ModuleJSON.swift */; };
		AFB1C3AD251B492900F8E3D8 /* String+Extension.swift in Sources */ = {isa = PBXBuildFile; fileRef = AFB1C3AC251B492900F8E3D8 /* String+Extension.swift */; };
		AFB1C3B0251B633C00F8E3D8 /* Shell.swift in Sources */ = {isa = PBXBuildFile; fileRef = AFB1C3AF251B633C00F8E3D8 /* Shell.swift */; };
		AFBB9A4F25260B000004F78B /* Color+Extension.swift in Sources */ = {isa = PBXBuildFile; fileRef = AFBB9A4E25260B000004F78B /* Color+Extension.swift */; };
		AFC0AF412615029A0039FFEC /* Array+Extension.swift in Sources */ = {isa = PBXBuildFile; fileRef = AFC0AF402615029A0039FFEC /* Array+Extension.swift */; };
		AFD0DC87272C4BB800E49010 /* Unwrappable.swift in Sources */ = {isa = PBXBuildFile; fileRef = AFD0DC84272C4BB800E49010 /* Unwrappable.swift */; };
		AFD0DC88272C4BB800E49010 /* PlistDictionary.swift in Sources */ = {isa = PBXBuildFile; fileRef = AFD0DC85272C4BB800E49010 /* PlistDictionary.swift */; };
		AFD0DC89272C4BB800E49010 /* PlistFile.swift in Sources */ = {isa = PBXBuildFile; fileRef = AFD0DC86272C4BB800E49010 /* PlistFile.swift */; };
		AFD0DC8B272C4BCA00E49010 /* SettingsPage.swift in Sources */ = {isa = PBXBuildFile; fileRef = AFD0DC8A272C4BCA00E49010 /* SettingsPage.swift */; };
		AFD0DC91272C4BDD00E49010 /* Async.swift in Sources */ = {isa = PBXBuildFile; fileRef = AFD0DC8C272C4BDD00E49010 /* Async.swift */; };
		AFD0DC92272C4BDD00E49010 /* ColorScheme+Extension.swift in Sources */ = {isa = PBXBuildFile; fileRef = AFD0DC8D272C4BDD00E49010 /* ColorScheme+Extension.swift */; };
		AFD0DC93272C4BDD00E49010 /* UUID+Extension.swift in Sources */ = {isa = PBXBuildFile; fileRef = AFD0DC8E272C4BDD00E49010 /* UUID+Extension.swift */; };
		AFD0DC94272C4BDD00E49010 /* Timer+Extension.swift in Sources */ = {isa = PBXBuildFile; fileRef = AFD0DC8F272C4BDD00E49010 /* Timer+Extension.swift */; };
		AFD0DC95272C4BDD00E49010 /* Float+Extension.swift in Sources */ = {isa = PBXBuildFile; fileRef = AFD0DC90272C4BDD00E49010 /* Float+Extension.swift */; };
		AFD0DC98272C4C1500E49010 /* Introspect in Frameworks */ = {isa = PBXBuildFile; productRef = AFD0DC97272C4C1500E49010 /* Introspect */; };
		AFD0DC9A272C4C5000E49010 /* Credits.rtf in Resources */ = {isa = PBXBuildFile; fileRef = AFD0DC99272C4C5000E49010 /* Credits.rtf */; };
		AFD0DC9D272C4C7400E49010 /* CursorKit in Frameworks */ = {isa = PBXBuildFile; productRef = AFD0DC9C272C4C7400E49010 /* CursorKit */; };
		AFD0DC9F272C4CE100E49010 /* UniversalCommands.swift in Sources */ = {isa = PBXBuildFile; fileRef = AFD0DC9E272C4CE100E49010 /* UniversalCommands.swift */; };
		AFD0DCA3272C4D5000E49010 /* WindowAccessor.swift in Sources */ = {isa = PBXBuildFile; fileRef = AFD0DCA1272C4D5000E49010 /* WindowAccessor.swift */; };
		AFD0DCA4272C4D5000E49010 /* Toolbar.swift in Sources */ = {isa = PBXBuildFile; fileRef = AFD0DCA2272C4D5000E49010 /* Toolbar.swift */; };
		AFD0DCA7272C4D7000E49010 /* AppSettings.swift in Sources */ = {isa = PBXBuildFile; fileRef = AFD0DCA6272C4D7000E49010 /* AppSettings.swift */; };
		AFD0DCA9272C4DFD00E49010 /* AppSettings_General.swift in Sources */ = {isa = PBXBuildFile; fileRef = AFD0DCA8272C4DFD00E49010 /* AppSettings_General.swift */; };
		AFD0DCAB272C4E4500E49010 /* AppDelegate.swift in Sources */ = {isa = PBXBuildFile; fileRef = AFD0DCAA272C4E4500E49010 /* AppDelegate.swift */; };
		AFD0DCAE272C4FC200E49010 /* SettingsView.swift in Sources */ = {isa = PBXBuildFile; fileRef = AFD0DCAD272C4FC200E49010 /* SettingsView.swift */; };
		AFD0DCB0272C4FDE00E49010 /* SettingsView_General.swift in Sources */ = {isa = PBXBuildFile; fileRef = AFD0DCAF272C4FDE00E49010 /* SettingsView_General.swift */; };
		AFD0DCB4272C5A9100E49010 /* AppSettings_RecentProjects.swift in Sources */ = {isa = PBXBuildFile; fileRef = AFD0DCB3272C5A9100E49010 /* AppSettings_RecentProjects.swift */; };
		AFD0DCB7272C5AF300E49010 /* ProjectDataV2.swift in Sources */ = {isa = PBXBuildFile; fileRef = AFD0DCB6272C5AF300E49010 /* ProjectDataV2.swift */; };
		AFD0DCBA272C5B3A00E49010 /* UnityVersionV2.swift in Sources */ = {isa = PBXBuildFile; fileRef = AFD0DCB9272C5B3A00E49010 /* UnityVersionV2.swift */; };
		AFD0DCBC272C5B5000E49010 /* Version.swift in Sources */ = {isa = PBXBuildFile; fileRef = AFD0DCBB272C5B5000E49010 /* Version.swift */; };
		AFEB99542611856D006E4E91 /* CGFloat+Extension.swift in Sources */ = {isa = PBXBuildFile; fileRef = AFEB99532611856D006E4E91 /* CGFloat+Extension.swift */; };
		AFEB9956261188EC006E4E91 /* HubData.swift in Sources */ = {isa = PBXBuildFile; fileRef = AFEB9955261188EC006E4E91 /* HubData.swift */; };
		AFEB995826118940006E4E91 /* ProjectData.swift in Sources */ = {isa = PBXBuildFile; fileRef = AFEB995726118940006E4E91 /* ProjectData.swift */; };
		AFEB995B2611A6A3006E4E91 /* URL+Extension.swift in Sources */ = {isa = PBXBuildFile; fileRef = AFEB995A2611A6A3006E4E91 /* URL+Extension.swift */; };
		AFEB996F2611ADCF006E4E91 /* HubDataWrapper.swift in Sources */ = {isa = PBXBuildFile; fileRef = AFEB996E2611ADCF006E4E91 /* HubDataWrapper.swift */; };
		AFEB99722611B03D006E4E91 /* ProjectDataWrapper.swift in Sources */ = {isa = PBXBuildFile; fileRef = AFEB99712611B03D006E4E91 /* ProjectDataWrapper.swift */; };
		AFEB99742611B1F0006E4E91 /* UnityVersionWrapper.swift in Sources */ = {isa = PBXBuildFile; fileRef = AFEB99732611B1F0006E4E91 /* UnityVersionWrapper.swift */; };
		AFFE8EA725F9B3830086F887 /* UserDefaults+Extension.swift in Sources */ = {isa = PBXBuildFile; fileRef = AFFE8EA625F9B3830086F887 /* UserDefaults+Extension.swift */; };
/* End PBXBuildFile section */

/* Begin PBXCopyFilesBuildPhase section */
		AFB954CE2538523800D62BC8 /* Embed App Extensions */ = {
			isa = PBXCopyFilesBuildPhase;
			buildActionMask = 2147483647;
			dstPath = "";
			dstSubfolderSpec = 13;
			files = (
			);
			name = "Embed App Extensions";
			runOnlyForDeploymentPostprocessing = 0;
		};
/* End PBXCopyFilesBuildPhase section */

/* Begin PBXFileReference section */
		AF16FF26251B8EA500C8A2A9 /* UnityVersion.swift */ = {isa = PBXFileReference; lastKnownFileType = sourcecode.swift; path = UnityVersion.swift; sourceTree = "<group>"; };
		AF219E72252C5FF6008CE04C /* WidgetKit.framework */ = {isa = PBXFileReference; lastKnownFileType = wrapper.framework; name = WidgetKit.framework; path = System/Library/Frameworks/WidgetKit.framework; sourceTree = SDKROOT; };
		AF219E74252C5FF6008CE04C /* SwiftUI.framework */ = {isa = PBXFileReference; lastKnownFileType = wrapper.framework; name = SwiftUI.framework; path = System/Library/Frameworks/SwiftUI.framework; sourceTree = SDKROOT; };
		AF34E22A251AFE5300192E53 /* AppState.swift */ = {isa = PBXFileReference; lastKnownFileType = sourcecode.swift; path = AppState.swift; sourceTree = "<group>"; };
		AF3C26D72615DF4C0005B10E /* TrackingAreaView.swift */ = {isa = PBXFileReference; lastKnownFileType = sourcecode.swift; path = TrackingAreaView.swift; sourceTree = "<group>"; };
		AF5A94CF251BF9E3002FA410 /* DownloadInfo.swift */ = {isa = PBXFileReference; lastKnownFileType = sourcecode.swift; path = DownloadInfo.swift; sourceTree = "<group>"; };
		AF66EBEA251AE3900088EC84 /* Unity Hub S.app */ = {isa = PBXFileReference; explicitFileType = wrapper.application; includeInIndex = 0; path = "Unity Hub S.app"; sourceTree = BUILT_PRODUCTS_DIR; };
		AF66EBED251AE3900088EC84 /* UnityHubApp.swift */ = {isa = PBXFileReference; lastKnownFileType = sourcecode.swift; path = UnityHubApp.swift; sourceTree = "<group>"; };
		AF66EBEF251AE3900088EC84 /* ContentView.swift */ = {isa = PBXFileReference; lastKnownFileType = sourcecode.swift; path = ContentView.swift; sourceTree = "<group>"; };
		AF66EBF1251AE3910088EC84 /* Assets.xcassets */ = {isa = PBXFileReference; lastKnownFileType = folder.assetcatalog; path = Assets.xcassets; sourceTree = "<group>"; };
		AF66EBF9251AE3910088EC84 /* Info.plist */ = {isa = PBXFileReference; lastKnownFileType = text.plist.xml; path = Info.plist; sourceTree = "<group>"; };
		AF66EBFA251AE3910088EC84 /* Unity_Hub.entitlements */ = {isa = PBXFileReference; lastKnownFileType = text.plist.entitlements; path = Unity_Hub.entitlements; sourceTree = "<group>"; };
		AFA0862B251B1CFB00B1B985 /* NSOpenPanel+Extension.swift */ = {isa = PBXFileReference; lastKnownFileType = sourcecode.swift; path = "NSOpenPanel+Extension.swift"; sourceTree = "<group>"; };
		AFAA5C9A2690695E00133C13 /* View+Extension.swift */ = {isa = PBXFileReference; lastKnownFileType = sourcecode.swift; path = "View+Extension.swift"; sourceTree = "<group>"; };
		AFAA5C9C2690698A00133C13 /* Bool+Extension.swift */ = {isa = PBXFileReference; lastKnownFileType = sourcecode.swift; path = "Bool+Extension.swift"; sourceTree = "<group>"; };
		AFB1C3A2251B325000F8E3D8 /* UnityModule.swift */ = {isa = PBXFileReference; lastKnownFileType = sourcecode.swift; path = UnityModule.swift; sourceTree = "<group>"; };
		AFB1C3A5251B357A00F8E3D8 /* ModuleJSON.swift */ = {isa = PBXFileReference; lastKnownFileType = sourcecode.swift; path = ModuleJSON.swift; sourceTree = "<group>"; };
		AFB1C3AC251B492900F8E3D8 /* String+Extension.swift */ = {isa = PBXFileReference; lastKnownFileType = sourcecode.swift; path = "String+Extension.swift"; sourceTree = "<group>"; };
		AFB1C3AF251B633C00F8E3D8 /* Shell.swift */ = {isa = PBXFileReference; lastKnownFileType = sourcecode.swift; path = Shell.swift; sourceTree = "<group>"; };
		AFBB9A4E25260B000004F78B /* Color+Extension.swift */ = {isa = PBXFileReference; lastKnownFileType = sourcecode.swift; path = "Color+Extension.swift"; sourceTree = "<group>"; };
		AFC0AF402615029A0039FFEC /* Array+Extension.swift */ = {isa = PBXFileReference; fileEncoding = 4; lastKnownFileType = sourcecode.swift; path = "Array+Extension.swift"; sourceTree = "<group>"; };
		AFD0DC84272C4BB800E49010 /* Unwrappable.swift */ = {isa = PBXFileReference; fileEncoding = 4; lastKnownFileType = sourcecode.swift; path = Unwrappable.swift; sourceTree = "<group>"; };
		AFD0DC85272C4BB800E49010 /* PlistDictionary.swift */ = {isa = PBXFileReference; fileEncoding = 4; lastKnownFileType = sourcecode.swift; path = PlistDictionary.swift; sourceTree = "<group>"; };
		AFD0DC86272C4BB800E49010 /* PlistFile.swift */ = {isa = PBXFileReference; fileEncoding = 4; lastKnownFileType = sourcecode.swift; path = PlistFile.swift; sourceTree = "<group>"; };
		AFD0DC8A272C4BCA00E49010 /* SettingsPage.swift */ = {isa = PBXFileReference; fileEncoding = 4; lastKnownFileType = sourcecode.swift; path = SettingsPage.swift; sourceTree = "<group>"; };
		AFD0DC8C272C4BDD00E49010 /* Async.swift */ = {isa = PBXFileReference; fileEncoding = 4; lastKnownFileType = sourcecode.swift; path = Async.swift; sourceTree = "<group>"; };
		AFD0DC8D272C4BDD00E49010 /* ColorScheme+Extension.swift */ = {isa = PBXFileReference; fileEncoding = 4; lastKnownFileType = sourcecode.swift; path = "ColorScheme+Extension.swift"; sourceTree = "<group>"; };
		AFD0DC8E272C4BDD00E49010 /* UUID+Extension.swift */ = {isa = PBXFileReference; fileEncoding = 4; lastKnownFileType = sourcecode.swift; path = "UUID+Extension.swift"; sourceTree = "<group>"; };
		AFD0DC8F272C4BDD00E49010 /* Timer+Extension.swift */ = {isa = PBXFileReference; fileEncoding = 4; lastKnownFileType = sourcecode.swift; path = "Timer+Extension.swift"; sourceTree = "<group>"; };
		AFD0DC90272C4BDD00E49010 /* Float+Extension.swift */ = {isa = PBXFileReference; fileEncoding = 4; lastKnownFileType = sourcecode.swift; path = "Float+Extension.swift"; sourceTree = "<group>"; };
		AFD0DC99272C4C5000E49010 /* Credits.rtf */ = {isa = PBXFileReference; fileEncoding = 4; lastKnownFileType = text.rtf; path = Credits.rtf; sourceTree = "<group>"; };
		AFD0DC9E272C4CE100E49010 /* UniversalCommands.swift */ = {isa = PBXFileReference; fileEncoding = 4; lastKnownFileType = sourcecode.swift; path = UniversalCommands.swift; sourceTree = "<group>"; };
		AFD0DCA1272C4D5000E49010 /* WindowAccessor.swift */ = {isa = PBXFileReference; fileEncoding = 4; lastKnownFileType = sourcecode.swift; path = WindowAccessor.swift; sourceTree = "<group>"; };
		AFD0DCA2272C4D5000E49010 /* Toolbar.swift */ = {isa = PBXFileReference; fileEncoding = 4; lastKnownFileType = sourcecode.swift; path = Toolbar.swift; sourceTree = "<group>"; };
		AFD0DCA6272C4D7000E49010 /* AppSettings.swift */ = {isa = PBXFileReference; lastKnownFileType = sourcecode.swift; path = AppSettings.swift; sourceTree = "<group>"; };
		AFD0DCA8272C4DFD00E49010 /* AppSettings_General.swift */ = {isa = PBXFileReference; lastKnownFileType = sourcecode.swift; path = AppSettings_General.swift; sourceTree = "<group>"; };
		AFD0DCAA272C4E4500E49010 /* AppDelegate.swift */ = {isa = PBXFileReference; lastKnownFileType = sourcecode.swift; path = AppDelegate.swift; sourceTree = "<group>"; };
		AFD0DCAD272C4FC200E49010 /* SettingsView.swift */ = {isa = PBXFileReference; lastKnownFileType = sourcecode.swift; path = SettingsView.swift; sourceTree = "<group>"; };
		AFD0DCAF272C4FDE00E49010 /* SettingsView_General.swift */ = {isa = PBXFileReference; lastKnownFileType = sourcecode.swift; path = SettingsView_General.swift; sourceTree = "<group>"; };
		AFD0DCB3272C5A9100E49010 /* AppSettings_RecentProjects.swift */ = {isa = PBXFileReference; lastKnownFileType = sourcecode.swift; path = AppSettings_RecentProjects.swift; sourceTree = "<group>"; };
		AFD0DCB6272C5AF300E49010 /* ProjectDataV2.swift */ = {isa = PBXFileReference; lastKnownFileType = sourcecode.swift; path = ProjectDataV2.swift; sourceTree = "<group>"; };
		AFD0DCB9272C5B3A00E49010 /* UnityVersionV2.swift */ = {isa = PBXFileReference; lastKnownFileType = sourcecode.swift; path = UnityVersionV2.swift; sourceTree = "<group>"; };
		AFD0DCBB272C5B5000E49010 /* Version.swift */ = {isa = PBXFileReference; lastKnownFileType = sourcecode.swift; path = Version.swift; sourceTree = "<group>"; };
		AFEB99532611856D006E4E91 /* CGFloat+Extension.swift */ = {isa = PBXFileReference; lastKnownFileType = sourcecode.swift; path = "CGFloat+Extension.swift"; sourceTree = "<group>"; };
		AFEB9955261188EC006E4E91 /* HubData.swift */ = {isa = PBXFileReference; lastKnownFileType = sourcecode.swift; path = HubData.swift; sourceTree = "<group>"; };
		AFEB995726118940006E4E91 /* ProjectData.swift */ = {isa = PBXFileReference; lastKnownFileType = sourcecode.swift; path = ProjectData.swift; sourceTree = "<group>"; };
		AFEB995A2611A6A3006E4E91 /* URL+Extension.swift */ = {isa = PBXFileReference; lastKnownFileType = sourcecode.swift; path = "URL+Extension.swift"; sourceTree = "<group>"; };
		AFEB996E2611ADCF006E4E91 /* HubDataWrapper.swift */ = {isa = PBXFileReference; lastKnownFileType = sourcecode.swift; path = HubDataWrapper.swift; sourceTree = "<group>"; };
		AFEB99712611B03D006E4E91 /* ProjectDataWrapper.swift */ = {isa = PBXFileReference; lastKnownFileType = sourcecode.swift; path = ProjectDataWrapper.swift; sourceTree = "<group>"; };
		AFEB99732611B1F0006E4E91 /* UnityVersionWrapper.swift */ = {isa = PBXFileReference; lastKnownFileType = sourcecode.swift; path = UnityVersionWrapper.swift; sourceTree = "<group>"; };
		AFFE8EA625F9B3830086F887 /* UserDefaults+Extension.swift */ = {isa = PBXFileReference; lastKnownFileType = sourcecode.swift; path = "UserDefaults+Extension.swift"; sourceTree = "<group>"; };
/* End PBXFileReference section */

/* Begin PBXFrameworksBuildPhase section */
		AF66EBE7251AE3900088EC84 /* Frameworks */ = {
			isa = PBXFrameworksBuildPhase;
			buildActionMask = 2147483647;
			files = (
				AF4D2104251EBA220029101C /* Smile in Frameworks */,
				AFD0DC9D272C4C7400E49010 /* CursorKit in Frameworks */,
				AFD0DC98272C4C1500E49010 /* Introspect in Frameworks */,
			);
			runOnlyForDeploymentPostprocessing = 0;
		};
/* End PBXFrameworksBuildPhase section */

/* Begin PBXGroup section */
		AF219E71252C5FF6008CE04C /* Frameworks */ = {
			isa = PBXGroup;
			children = (
				AF219E72252C5FF6008CE04C /* WidgetKit.framework */,
				AF219E74252C5FF6008CE04C /* SwiftUI.framework */,
			);
			name = Frameworks;
			sourceTree = "<group>";
		};
		AF66EBE1251AE3900088EC84 = {
			isa = PBXGroup;
			children = (
				AF219E71252C5FF6008CE04C /* Frameworks */,
				AF66EBEB251AE3900088EC84 /* Products */,
				AF66EBEC251AE3900088EC84 /* Unity Hub */,
			);
			sourceTree = "<group>";
		};
		AF66EBEB251AE3900088EC84 /* Products */ = {
			isa = PBXGroup;
			children = (
				AF66EBEA251AE3900088EC84 /* Unity Hub S.app */,
			);
			name = Products;
			sourceTree = "<group>";
		};
		AF66EBEC251AE3900088EC84 /* Unity Hub */ = {
			isa = PBXGroup;
			children = (
				AFD0DC99272C4C5000E49010 /* Credits.rtf */,
				AF66EBFA251AE3910088EC84 /* Unity_Hub.entitlements */,
				AF66EBF9251AE3910088EC84 /* Info.plist */,
				AFD0DCAA272C4E4500E49010 /* AppDelegate.swift */,
				AF66EBED251AE3900088EC84 /* UnityHubApp.swift */,
				AF66EBF1251AE3910088EC84 /* Assets.xcassets */,
				AF787CB8268A64DC00842127 /* Commands */,
				AFC933F32527F6BB00E5ECDE /* Data */,
				AFC933F72527F70B00E5ECDE /* Extensions */,
				AF8721AB2622DA30003A70D4 /* Protocols */,
				AFC933F22527F6B300E5ECDE /* Views */,
			);
			path = "Unity Hub";
			sourceTree = "<group>";
		};
		AF787CB8268A64DC00842127 /* Commands */ = {
			isa = PBXGroup;
			children = (
				AFD0DC9E272C4CE100E49010 /* UniversalCommands.swift */,
			);
			path = Commands;
			sourceTree = "<group>";
		};
		AF8721AB2622DA30003A70D4 /* Protocols */ = {
			isa = PBXGroup;
			children = (
				AFD0DC85272C4BB800E49010 /* PlistDictionary.swift */,
				AFD0DC86272C4BB800E49010 /* PlistFile.swift */,
				AFD0DC8A272C4BCA00E49010 /* SettingsPage.swift */,
				AFD0DC84272C4BB800E49010 /* Unwrappable.swift */,
			);
			path = Protocols;
			sourceTree = "<group>";
		};
		AFC933F22527F6B300E5ECDE /* Views */ = {
			isa = PBXGroup;
			children = (
				AFD0DCAC272C4FB800E49010 /* Settings */,
				AFD0DCA0272C4D4900E49010 /* Utility */,
				AF66EBEF251AE3900088EC84 /* ContentView.swift */,
			);
			path = Views;
			sourceTree = "<group>";
		};
		AFC933F32527F6BB00E5ECDE /* Data */ = {
			isa = PBXGroup;
			children = (
				AFD0DCB8272C5B2F00E49010 /* Editor */,
				AFD0DCB5272C5AEA00E49010 /* Project */,
				AFD0DCA5272C4D6300E49010 /* Settings */,
				AFEB99702611AEA3006E4E91 /* Wrappers */,
				AF34E22A251AFE5300192E53 /* AppState.swift */,
				AFEB9955261188EC006E4E91 /* HubData.swift */,
				AFD0DCBB272C5B5000E49010 /* Version.swift */,
				AF5A94CF251BF9E3002FA410 /* DownloadInfo.swift */,
				AFB1C3A5251B357A00F8E3D8 /* ModuleJSON.swift */,
				AFB1C3A2251B325000F8E3D8 /* UnityModule.swift */,
				AF16FF26251B8EA500C8A2A9 /* UnityVersion.swift */,
				AFEB995726118940006E4E91 /* ProjectData.swift */,
			);
			path = Data;
			sourceTree = "<group>";
		};
		AFC933F72527F70B00E5ECDE /* Extensions */ = {
			isa = PBXGroup;
			children = (
				AFC0AF402615029A0039FFEC /* Array+Extension.swift */,
				AFD0DC8C272C4BDD00E49010 /* Async.swift */,
				AFAA5C9C2690698A00133C13 /* Bool+Extension.swift */,
				AFEB99532611856D006E4E91 /* CGFloat+Extension.swift */,
				AFBB9A4E25260B000004F78B /* Color+Extension.swift */,
				AFD0DC8D272C4BDD00E49010 /* ColorScheme+Extension.swift */,
				AFD0DC90272C4BDD00E49010 /* Float+Extension.swift */,
				AFA0862B251B1CFB00B1B985 /* NSOpenPanel+Extension.swift */,
				AFB1C3AF251B633C00F8E3D8 /* Shell.swift */,
				AFB1C3AC251B492900F8E3D8 /* String+Extension.swift */,
				AFD0DC8F272C4BDD00E49010 /* Timer+Extension.swift */,
				AF3C26D72615DF4C0005B10E /* TrackingAreaView.swift */,
				AFEB995A2611A6A3006E4E91 /* URL+Extension.swift */,
				AFFE8EA625F9B3830086F887 /* UserDefaults+Extension.swift */,
				AFD0DC8E272C4BDD00E49010 /* UUID+Extension.swift */,
				AFAA5C9A2690695E00133C13 /* View+Extension.swift */,
			);
			path = Extensions;
			sourceTree = "<group>";
		};
		AFD0DCA0272C4D4900E49010 /* Utility */ = {
			isa = PBXGroup;
			children = (
				AFD0DCA2272C4D5000E49010 /* Toolbar.swift */,
				AFD0DCA1272C4D5000E49010 /* WindowAccessor.swift */,
			);
			path = Utility;
			sourceTree = "<group>";
		};
		AFD0DCA5272C4D6300E49010 /* Settings */ = {
			isa = PBXGroup;
			children = (
				AFD0DCA6272C4D7000E49010 /* AppSettings.swift */,
				AFD0DCA8272C4DFD00E49010 /* AppSettings_General.swift */,
				AFD0DCB3272C5A9100E49010 /* AppSettings_RecentProjects.swift */,
			);
			path = Settings;
			sourceTree = "<group>";
		};
		AFD0DCAC272C4FB800E49010 /* Settings */ = {
			isa = PBXGroup;
			children = (
				AFD0DCAD272C4FC200E49010 /* SettingsView.swift */,
				AFD0DCAF272C4FDE00E49010 /* SettingsView_General.swift */,
			);
			path = Settings;
			sourceTree = "<group>";
		};
		AFD0DCB5272C5AEA00E49010 /* Project */ = {
			isa = PBXGroup;
			children = (
				AFD0DCB6272C5AF300E49010 /* ProjectDataV2.swift */,
			);
			path = Project;
			sourceTree = "<group>";
		};
		AFD0DCB8272C5B2F00E49010 /* Editor */ = {
			isa = PBXGroup;
			children = (
				AFD0DCB9272C5B3A00E49010 /* UnityVersionV2.swift */,
			);
			path = Editor;
			sourceTree = "<group>";
		};
		AFEB99702611AEA3006E4E91 /* Wrappers */ = {
			isa = PBXGroup;
			children = (
				AFEB996E2611ADCF006E4E91 /* HubDataWrapper.swift */,
				AFEB99712611B03D006E4E91 /* ProjectDataWrapper.swift */,
				AFEB99732611B1F0006E4E91 /* UnityVersionWrapper.swift */,
			);
			path = Wrappers;
			sourceTree = "<group>";
		};
/* End PBXGroup section */

/* Begin PBXNativeTarget section */
		AF66EBE9251AE3900088EC84 /* Unity Hub S */ = {
			isa = PBXNativeTarget;
			buildConfigurationList = AF66EBFD251AE3910088EC84 /* Build configuration list for PBXNativeTarget "Unity Hub S" */;
			buildPhases = (
				AF66EBE6251AE3900088EC84 /* Sources */,
				AF66EBE7251AE3900088EC84 /* Frameworks */,
				AF66EBE8251AE3900088EC84 /* Resources */,
				AFB954CE2538523800D62BC8 /* Embed App Extensions */,
			);
			buildRules = (
			);
			dependencies = (
			);
			name = "Unity Hub S";
			packageProductDependencies = (
				AF4D2103251EBA220029101C /* Smile */,
				AFD0DC97272C4C1500E49010 /* Introspect */,
				AFD0DC9C272C4C7400E49010 /* CursorKit */,
			);
			productName = "Unity Hub";
			productReference = AF66EBEA251AE3900088EC84 /* Unity Hub S.app */;
			productType = "com.apple.product-type.application";
		};
/* End PBXNativeTarget section */

/* Begin PBXProject section */
		AF66EBE2251AE3900088EC84 /* Project object */ = {
			isa = PBXProject;
			attributes = {
				LastSwiftUpdateCheck = 1220;
				LastUpgradeCheck = 1240;
				TargetAttributes = {
					AF66EBE9251AE3900088EC84 = {
						CreatedOnToolsVersion = 12.2;
					};
				};
			};
			buildConfigurationList = AF66EBE5251AE3900088EC84 /* Build configuration list for PBXProject "Unity Hub" */;
			compatibilityVersion = "Xcode 9.3";
			developmentRegion = en;
			hasScannedForEncodings = 0;
			knownRegions = (
				en,
				Base,
				vi,
			);
			mainGroup = AF66EBE1251AE3900088EC84;
			packageReferences = (
				AF4D2102251EBA220029101C /* XCRemoteSwiftPackageReference "Smile" */,
				AFD0DC96272C4C1500E49010 /* XCRemoteSwiftPackageReference "SwiftUI-Introspect" */,
				AFD0DC9B272C4C7400E49010 /* XCRemoteSwiftPackageReference "CursorKit" */,
			);
			productRefGroup = AF66EBEB251AE3900088EC84 /* Products */;
			projectDirPath = "";
			projectRoot = "";
			targets = (
				AF66EBE9251AE3900088EC84 /* Unity Hub S */,
			);
		};
/* End PBXProject section */

/* Begin PBXResourcesBuildPhase section */
		AF66EBE8251AE3900088EC84 /* Resources */ = {
			isa = PBXResourcesBuildPhase;
			buildActionMask = 2147483647;
			files = (
				AF66EBF2251AE3910088EC84 /* Assets.xcassets in Resources */,
				AFD0DC9A272C4C5000E49010 /* Credits.rtf in Resources */,
			);
			runOnlyForDeploymentPostprocessing = 0;
		};
/* End PBXResourcesBuildPhase section */

/* Begin PBXSourcesBuildPhase section */
		AF66EBE6251AE3900088EC84 /* Sources */ = {
			isa = PBXSourcesBuildPhase;
			buildActionMask = 2147483647;
			files = (
				AFFE8EA725F9B3830086F887 /* UserDefaults+Extension.swift in Sources */,
				AFD0DC8B272C4BCA00E49010 /* SettingsPage.swift in Sources */,
				AFD0DCBC272C5B5000E49010 /* Version.swift in Sources */,
				AFD0DCAB272C4E4500E49010 /* AppDelegate.swift in Sources */,
				AFAA5C9D2690698A00133C13 /* Bool+Extension.swift in Sources */,
				AFEB995826118940006E4E91 /* ProjectData.swift in Sources */,
				AFD0DC88272C4BB800E49010 /* PlistDictionary.swift in Sources */,
				AFD0DC92272C4BDD00E49010 /* ColorScheme+Extension.swift in Sources */,
				AFD0DCA9272C4DFD00E49010 /* AppSettings_General.swift in Sources */,
				AFD0DCB4272C5A9100E49010 /* AppSettings_RecentProjects.swift in Sources */,
				AFEB9956261188EC006E4E91 /* HubData.swift in Sources */,
				AFD0DCA4272C4D5000E49010 /* Toolbar.swift in Sources */,
				AFB1C3A6251B357A00F8E3D8 /* ModuleJSON.swift in Sources */,
				AFD0DC95272C4BDD00E49010 /* Float+Extension.swift in Sources */,
				AFD0DCAE272C4FC200E49010 /* SettingsView.swift in Sources */,
				AFD0DC87272C4BB800E49010 /* Unwrappable.swift in Sources */,
				AFA0862C251B1CFB00B1B985 /* NSOpenPanel+Extension.swift in Sources */,
				AF5A94D0251BF9E3002FA410 /* DownloadInfo.swift in Sources */,
				AF66EBF0251AE3900088EC84 /* ContentView.swift in Sources */,
				AFD0DCA7272C4D7000E49010 /* AppSettings.swift in Sources */,
				AFC0AF412615029A0039FFEC /* Array+Extension.swift in Sources */,
				AF3C26D82615DF4C0005B10E /* TrackingAreaView.swift in Sources */,
				AFD0DCBA272C5B3A00E49010 /* UnityVersionV2.swift in Sources */,
				AFD0DC93272C4BDD00E49010 /* UUID+Extension.swift in Sources */,
				AFB1C3A3251B325000F8E3D8 /* UnityModule.swift in Sources */,
				AFD0DCB0272C4FDE00E49010 /* SettingsView_General.swift in Sources */,
				AF66EBEE251AE3900088EC84 /* UnityHubApp.swift in Sources */,
				AFD0DC89272C4BB800E49010 /* PlistFile.swift in Sources */,
				AFBB9A4F25260B000004F78B /* Color+Extension.swift in Sources */,
				AFB1C3B0251B633C00F8E3D8 /* Shell.swift in Sources */,
				AFD0DC9F272C4CE100E49010 /* UniversalCommands.swift in Sources */,
				AFD0DCB7272C5AF300E49010 /* ProjectDataV2.swift in Sources */,
				AFEB996F2611ADCF006E4E91 /* HubDataWrapper.swift in Sources */,
				AF16FF27251B8EA500C8A2A9 /* UnityVersion.swift in Sources */,
				AFEB99542611856D006E4E91 /* CGFloat+Extension.swift in Sources */,
				AFEB995B2611A6A3006E4E91 /* URL+Extension.swift in Sources */,
				AFEB99742611B1F0006E4E91 /* UnityVersionWrapper.swift in Sources */,
				AFEB99722611B03D006E4E91 /* ProjectDataWrapper.swift in Sources */,
				AF34E22B251AFE5300192E53 /* AppState.swift in Sources */,
				AFAA5C9B2690695E00133C13 /* View+Extension.swift in Sources */,
				AFD0DCA3272C4D5000E49010 /* WindowAccessor.swift in Sources */,
				AFD0DC94272C4BDD00E49010 /* Timer+Extension.swift in Sources */,
				AFB1C3AD251B492900F8E3D8 /* String+Extension.swift in Sources */,
				AFD0DC91272C4BDD00E49010 /* Async.swift in Sources */,
			);
			runOnlyForDeploymentPostprocessing = 0;
		};
/* End PBXSourcesBuildPhase section */

/* Begin XCBuildConfiguration section */
		AF66EBFB251AE3910088EC84 /* Debug */ = {
			isa = XCBuildConfiguration;
			buildSettings = {
				ALWAYS_SEARCH_USER_PATHS = NO;
				CLANG_ANALYZER_LOCALIZABILITY_NONLOCALIZED = YES;
				CLANG_ANALYZER_NONNULL = YES;
				CLANG_ANALYZER_NUMBER_OBJECT_CONVERSION = YES_AGGRESSIVE;
				CLANG_CXX_LANGUAGE_STANDARD = "gnu++14";
				CLANG_CXX_LIBRARY = "libc++";
				CLANG_ENABLE_MODULES = YES;
				CLANG_ENABLE_OBJC_ARC = YES;
				CLANG_ENABLE_OBJC_WEAK = YES;
				CLANG_WARN_BLOCK_CAPTURE_AUTORELEASING = YES;
				CLANG_WARN_BOOL_CONVERSION = YES;
				CLANG_WARN_COMMA = YES;
				CLANG_WARN_CONSTANT_CONVERSION = YES;
				CLANG_WARN_DEPRECATED_OBJC_IMPLEMENTATIONS = YES;
				CLANG_WARN_DIRECT_OBJC_ISA_USAGE = YES_ERROR;
				CLANG_WARN_DOCUMENTATION_COMMENTS = YES;
				CLANG_WARN_EMPTY_BODY = YES;
				CLANG_WARN_ENUM_CONVERSION = YES;
				CLANG_WARN_INFINITE_RECURSION = YES;
				CLANG_WARN_INT_CONVERSION = YES;
				CLANG_WARN_NON_LITERAL_NULL_CONVERSION = YES;
				CLANG_WARN_OBJC_IMPLICIT_RETAIN_SELF = YES;
				CLANG_WARN_OBJC_LITERAL_CONVERSION = YES;
				CLANG_WARN_OBJC_ROOT_CLASS = YES_ERROR;
				CLANG_WARN_QUOTED_INCLUDE_IN_FRAMEWORK_HEADER = YES;
				CLANG_WARN_RANGE_LOOP_ANALYSIS = YES;
				CLANG_WARN_STRICT_PROTOTYPES = YES;
				CLANG_WARN_SUSPICIOUS_MOVE = YES;
				CLANG_WARN_UNGUARDED_AVAILABILITY = YES_AGGRESSIVE;
				CLANG_WARN_UNREACHABLE_CODE = YES;
				CLANG_WARN__DUPLICATE_METHOD_MATCH = YES;
				COPY_PHASE_STRIP = NO;
				DEBUG_INFORMATION_FORMAT = dwarf;
				ENABLE_STRICT_OBJC_MSGSEND = YES;
				ENABLE_TESTABILITY = YES;
				GCC_C_LANGUAGE_STANDARD = gnu11;
				GCC_DYNAMIC_NO_PIC = NO;
				GCC_NO_COMMON_BLOCKS = YES;
				GCC_OPTIMIZATION_LEVEL = 0;
				GCC_PREPROCESSOR_DEFINITIONS = (
					"DEBUG=1",
					"$(inherited)",
				);
				GCC_WARN_64_TO_32_BIT_CONVERSION = YES;
				GCC_WARN_ABOUT_RETURN_TYPE = YES_ERROR;
				GCC_WARN_UNDECLARED_SELECTOR = YES;
				GCC_WARN_UNINITIALIZED_AUTOS = YES_AGGRESSIVE;
				GCC_WARN_UNUSED_FUNCTION = YES;
				GCC_WARN_UNUSED_VARIABLE = YES;
				MACOSX_DEPLOYMENT_TARGET = 11.0;
				MTL_ENABLE_DEBUG_INFO = INCLUDE_SOURCE;
				MTL_FAST_MATH = YES;
				ONLY_ACTIVE_ARCH = YES;
				SDKROOT = macosx;
				SWIFT_ACTIVE_COMPILATION_CONDITIONS = DEBUG;
				SWIFT_OPTIMIZATION_LEVEL = "-Onone";
			};
			name = Debug;
		};
		AF66EBFC251AE3910088EC84 /* Release */ = {
			isa = XCBuildConfiguration;
			buildSettings = {
				ALWAYS_SEARCH_USER_PATHS = NO;
				CLANG_ANALYZER_LOCALIZABILITY_NONLOCALIZED = YES;
				CLANG_ANALYZER_NONNULL = YES;
				CLANG_ANALYZER_NUMBER_OBJECT_CONVERSION = YES_AGGRESSIVE;
				CLANG_CXX_LANGUAGE_STANDARD = "gnu++14";
				CLANG_CXX_LIBRARY = "libc++";
				CLANG_ENABLE_MODULES = YES;
				CLANG_ENABLE_OBJC_ARC = YES;
				CLANG_ENABLE_OBJC_WEAK = YES;
				CLANG_WARN_BLOCK_CAPTURE_AUTORELEASING = YES;
				CLANG_WARN_BOOL_CONVERSION = YES;
				CLANG_WARN_COMMA = YES;
				CLANG_WARN_CONSTANT_CONVERSION = YES;
				CLANG_WARN_DEPRECATED_OBJC_IMPLEMENTATIONS = YES;
				CLANG_WARN_DIRECT_OBJC_ISA_USAGE = YES_ERROR;
				CLANG_WARN_DOCUMENTATION_COMMENTS = YES;
				CLANG_WARN_EMPTY_BODY = YES;
				CLANG_WARN_ENUM_CONVERSION = YES;
				CLANG_WARN_INFINITE_RECURSION = YES;
				CLANG_WARN_INT_CONVERSION = YES;
				CLANG_WARN_NON_LITERAL_NULL_CONVERSION = YES;
				CLANG_WARN_OBJC_IMPLICIT_RETAIN_SELF = YES;
				CLANG_WARN_OBJC_LITERAL_CONVERSION = YES;
				CLANG_WARN_OBJC_ROOT_CLASS = YES_ERROR;
				CLANG_WARN_QUOTED_INCLUDE_IN_FRAMEWORK_HEADER = YES;
				CLANG_WARN_RANGE_LOOP_ANALYSIS = YES;
				CLANG_WARN_STRICT_PROTOTYPES = YES;
				CLANG_WARN_SUSPICIOUS_MOVE = YES;
				CLANG_WARN_UNGUARDED_AVAILABILITY = YES_AGGRESSIVE;
				CLANG_WARN_UNREACHABLE_CODE = YES;
				CLANG_WARN__DUPLICATE_METHOD_MATCH = YES;
				COPY_PHASE_STRIP = NO;
				DEBUG_INFORMATION_FORMAT = "dwarf-with-dsym";
				ENABLE_NS_ASSERTIONS = NO;
				ENABLE_STRICT_OBJC_MSGSEND = YES;
				GCC_C_LANGUAGE_STANDARD = gnu11;
				GCC_NO_COMMON_BLOCKS = YES;
				GCC_WARN_64_TO_32_BIT_CONVERSION = YES;
				GCC_WARN_ABOUT_RETURN_TYPE = YES_ERROR;
				GCC_WARN_UNDECLARED_SELECTOR = YES;
				GCC_WARN_UNINITIALIZED_AUTOS = YES_AGGRESSIVE;
				GCC_WARN_UNUSED_FUNCTION = YES;
				GCC_WARN_UNUSED_VARIABLE = YES;
				MACOSX_DEPLOYMENT_TARGET = 11.0;
				MTL_ENABLE_DEBUG_INFO = NO;
				MTL_FAST_MATH = YES;
				SDKROOT = macosx;
				SWIFT_COMPILATION_MODE = wholemodule;
				SWIFT_OPTIMIZATION_LEVEL = "-O";
			};
			name = Release;
		};
		AF66EBFE251AE3910088EC84 /* Debug */ = {
			isa = XCBuildConfiguration;
			buildSettings = {
				ASSETCATALOG_COMPILER_APPICON_NAME = AppIcon;
				ASSETCATALOG_COMPILER_GLOBAL_ACCENT_COLOR_NAME = AccentColor;
				CODE_SIGN_ENTITLEMENTS = "Unity Hub/Unity_Hub.entitlements";
				CODE_SIGN_IDENTITY = "-";
				CODE_SIGN_STYLE = Automatic;
				COMBINE_HIDPI_IMAGES = YES;
				DEVELOPMENT_TEAM = 838RGQ32CA;
				ENABLE_HARDENED_RUNTIME = YES;
				ENABLE_PREVIEWS = NO;
				INFOPLIST_FILE = "Unity Hub/Info.plist";
				LD_RUNPATH_SEARCH_PATHS = (
					"$(inherited)",
					"@executable_path/../Frameworks",
				);
				MARKETING_VERSION = 1.0.0;
				PRODUCT_BUNDLE_IDENTIFIER = com.DevelopedWithLove.UnityHub;
				PRODUCT_NAME = "$(TARGET_NAME)";
				SWIFT_VERSION = 5.0;
			};
			name = Debug;
		};
		AF66EBFF251AE3910088EC84 /* Release */ = {
			isa = XCBuildConfiguration;
			buildSettings = {
				ASSETCATALOG_COMPILER_APPICON_NAME = AppIcon;
				ASSETCATALOG_COMPILER_GLOBAL_ACCENT_COLOR_NAME = AccentColor;
				CODE_SIGN_ENTITLEMENTS = "Unity Hub/Unity_Hub.entitlements";
				CODE_SIGN_IDENTITY = "-";
				CODE_SIGN_STYLE = Automatic;
				COMBINE_HIDPI_IMAGES = YES;
				DEVELOPMENT_TEAM = 838RGQ32CA;
				ENABLE_HARDENED_RUNTIME = YES;
				ENABLE_PREVIEWS = NO;
				INFOPLIST_FILE = "Unity Hub/Info.plist";
				LD_RUNPATH_SEARCH_PATHS = (
					"$(inherited)",
					"@executable_path/../Frameworks",
				);
				MARKETING_VERSION = 1.0.0;
				PRODUCT_BUNDLE_IDENTIFIER = com.DevelopedWithLove.UnityHub;
				PRODUCT_NAME = "$(TARGET_NAME)";
				SWIFT_VERSION = 5.0;
			};
			name = Release;
		};
/* End XCBuildConfiguration section */

/* Begin XCConfigurationList section */
		AF66EBE5251AE3900088EC84 /* Build configuration list for PBXProject "Unity Hub" */ = {
			isa = XCConfigurationList;
			buildConfigurations = (
				AF66EBFB251AE3910088EC84 /* Debug */,
				AF66EBFC251AE3910088EC84 /* Release */,
			);
			defaultConfigurationIsVisible = 0;
			defaultConfigurationName = Release;
		};
		AF66EBFD251AE3910088EC84 /* Build configuration list for PBXNativeTarget "Unity Hub S" */ = {
			isa = XCConfigurationList;
			buildConfigurations = (
				AF66EBFE251AE3910088EC84 /* Debug */,
				AF66EBFF251AE3910088EC84 /* Release */,
			);
			defaultConfigurationIsVisible = 0;
			defaultConfigurationName = Release;
		};
/* End XCConfigurationList section */

/* Begin XCRemoteSwiftPackageReference section */
		AF4D2102251EBA220029101C /* XCRemoteSwiftPackageReference "Smile" */ = {
			isa = XCRemoteSwiftPackageReference;
			repositoryURL = "https://github.com/onmyway133/Smile";
			requirement = {
				kind = upToNextMajorVersion;
				minimumVersion = 2.1.0;
			};
		};
		AFD0DC96272C4C1500E49010 /* XCRemoteSwiftPackageReference "SwiftUI-Introspect" */ = {
			isa = XCRemoteSwiftPackageReference;
			repositoryURL = "https://github.com/siteline/SwiftUI-Introspect.git";
			requirement = {
				kind = upToNextMajorVersion;
				minimumVersion = 0.1.3;
			};
		};
		AFD0DC9B272C4C7400E49010 /* XCRemoteSwiftPackageReference "CursorKit" */ = {
			isa = XCRemoteSwiftPackageReference;
			repositoryURL = "https://github.com/ryanslikesocool/CursorKit.git";
			requirement = {
				kind = upToNextMajorVersion;
				minimumVersion = 1.0.0;
			};
		};
/* End XCRemoteSwiftPackageReference section */

/* Begin XCSwiftPackageProductDependency section */
		AF4D2103251EBA220029101C /* Smile */ = {
			isa = XCSwiftPackageProductDependency;
			package = AF4D2102251EBA220029101C /* XCRemoteSwiftPackageReference "Smile" */;
			productName = Smile;
		};
		AFD0DC97272C4C1500E49010 /* Introspect */ = {
			isa = XCSwiftPackageProductDependency;
			package = AFD0DC96272C4C1500E49010 /* XCRemoteSwiftPackageReference "SwiftUI-Introspect" */;
			productName = Introspect;
		};
		AFD0DC9C272C4C7400E49010 /* CursorKit */ = {
			isa = XCSwiftPackageProductDependency;
			package = AFD0DC9B272C4C7400E49010 /* XCRemoteSwiftPackageReference "CursorKit" */;
			productName = CursorKit;
		};
/* End XCSwiftPackageProductDependency section */
	};
	rootObject = AF66EBE2251AE3900088EC84 /* Project object */;
}
