// !$*UTF8*$!
{
	archiveVersion = 1;
	classes = {
	};
	objectVersion = 52;
	objects = {

/* Begin PBXBuildFile section */
		AF08B5442524309700E7D16B /* VisualEffectView.swift in Sources */ = {isa = PBXBuildFile; fileRef = AF08B5432524309600E7D16B /* VisualEffectView.swift */; };
		AF08B5472524430400E7D16B /* SelectProjectVersionSheet.swift in Sources */ = {isa = PBXBuildFile; fileRef = AF08B5462524430400E7D16B /* SelectProjectVersionSheet.swift */; };
		AF16EDE8251AEC1700C939AA /* SidebarItem.swift in Sources */ = {isa = PBXBuildFile; fileRef = AF16EDE7251AEC1700C939AA /* SidebarItem.swift */; };
		AF16EDEF251AED6100C939AA /* ProjectTab.swift in Sources */ = {isa = PBXBuildFile; fileRef = AF16EDEE251AED6100C939AA /* ProjectTab.swift */; };
		AF16EDF7251AEF4000C939AA /* TabSelector.swift in Sources */ = {isa = PBXBuildFile; fileRef = AF16EDF6251AEF4000C939AA /* TabSelector.swift */; };
		AF16FF24251B8CAD00C8A2A9 /* InstallVersionSheet.swift in Sources */ = {isa = PBXBuildFile; fileRef = AF16FF23251B8CAD00C8A2A9 /* InstallVersionSheet.swift */; };
		AF16FF27251B8EA500C8A2A9 /* UnityVersion.swift in Sources */ = {isa = PBXBuildFile; fileRef = AF16FF26251B8EA500C8A2A9 /* UnityVersion.swift */; };
		AF34E221251AF91F00192E53 /* InstallsTab.swift in Sources */ = {isa = PBXBuildFile; fileRef = AF34E220251AF91F00192E53 /* InstallsTab.swift */; };
		AF34E226251AFD2D00192E53 /* SettingsView.swift in Sources */ = {isa = PBXBuildFile; fileRef = AF34E225251AFD2D00192E53 /* SettingsView.swift */; };
		AF34E22B251AFE5300192E53 /* HubSettings.swift in Sources */ = {isa = PBXBuildFile; fileRef = AF34E22A251AFE5300192E53 /* HubSettings.swift */; };
		AF4D2104251EBA220029101C /* Smile in Frameworks */ = {isa = PBXBuildFile; productRef = AF4D2103251EBA220029101C /* Smile */; };
		AF59FEA5251EBB4A0093D284 /* EmojiPicker.swift in Sources */ = {isa = PBXBuildFile; fileRef = AF59FEA4251EBB4A0093D284 /* EmojiPicker.swift */; };
		AF5A94D0251BF9E3002FA410 /* Release.swift in Sources */ = {isa = PBXBuildFile; fileRef = AF5A94CF251BF9E3002FA410 /* Release.swift */; };
		AF66EBEE251AE3900088EC84 /* UnityHubApp.swift in Sources */ = {isa = PBXBuildFile; fileRef = AF66EBED251AE3900088EC84 /* UnityHubApp.swift */; };
		AF66EBF0251AE3900088EC84 /* ContentView.swift in Sources */ = {isa = PBXBuildFile; fileRef = AF66EBEF251AE3900088EC84 /* ContentView.swift */; };
		AF66EBF2251AE3910088EC84 /* Assets.xcassets in Resources */ = {isa = PBXBuildFile; fileRef = AF66EBF1251AE3910088EC84 /* Assets.xcassets */; };
		AF66EBF5251AE3910088EC84 /* Preview Assets.xcassets in Resources */ = {isa = PBXBuildFile; fileRef = AF66EBF4251AE3910088EC84 /* Preview Assets.xcassets */; };
		AF66EC02251AE57D0088EC84 /* SVGShapes.swift in Sources */ = {isa = PBXBuildFile; fileRef = AF66EC01251AE57D0088EC84 /* SVGShapes.swift */; };
		AFA0862C251B1CFB00B1B985 /* NSOpenPanel.swift in Sources */ = {isa = PBXBuildFile; fileRef = AFA0862B251B1CFB00B1B985 /* NSOpenPanel.swift */; };
		AFB1C3A3251B325000F8E3D8 /* UnityModule.swift in Sources */ = {isa = PBXBuildFile; fileRef = AFB1C3A2251B325000F8E3D8 /* UnityModule.swift */; };
		AFB1C3A6251B357A00F8E3D8 /* ModuleJSON.swift in Sources */ = {isa = PBXBuildFile; fileRef = AFB1C3A5251B357A00F8E3D8 /* ModuleJSON.swift */; };
		AFB1C3A9251B459600F8E3D8 /* ProjectButton.swift in Sources */ = {isa = PBXBuildFile; fileRef = AFB1C3A8251B459600F8E3D8 /* ProjectButton.swift */; };
		AFB1C3AD251B492900F8E3D8 /* StringExtensions.swift in Sources */ = {isa = PBXBuildFile; fileRef = AFB1C3AC251B492900F8E3D8 /* StringExtensions.swift */; };
		AFB1C3B0251B633C00F8E3D8 /* Shell.swift in Sources */ = {isa = PBXBuildFile; fileRef = AFB1C3AF251B633C00F8E3D8 /* Shell.swift */; };
		AFBB9A4B252609040004F78B /* UnityButtonStyle.swift in Sources */ = {isa = PBXBuildFile; fileRef = AFBB9A4A252609040004F78B /* UnityButtonStyle.swift */; };
		AFBB9A4F25260B000004F78B /* Color.swift in Sources */ = {isa = PBXBuildFile; fileRef = AFBB9A4E25260B000004F78B /* Color.swift */; };
		AFC23C5825257E0700F5FE4B /* PrereleaseTag.swift in Sources */ = {isa = PBXBuildFile; fileRef = AFC23C5725257E0700F5FE4B /* PrereleaseTag.swift */; };
		AFE222D1251EA41400265506 /* EmojiPickerButton.swift in Sources */ = {isa = PBXBuildFile; fileRef = AFE222D0251EA41400265506 /* EmojiPickerButton.swift */; };
		AFEAC8072525D9D6009C4AB2 /* AdvancedProjectSettingsSheet.swift in Sources */ = {isa = PBXBuildFile; fileRef = AFEAC8062525D9D6009C4AB2 /* AdvancedProjectSettingsSheet.swift */; };
		AFFDD8B3251B08EB000AE12C /* UnityVersionButton.swift in Sources */ = {isa = PBXBuildFile; fileRef = AFFDD8B2251B08EB000AE12C /* UnityVersionButton.swift */; };
/* End PBXBuildFile section */

/* Begin PBXFileReference section */
		AF08B5432524309600E7D16B /* VisualEffectView.swift */ = {isa = PBXFileReference; fileEncoding = 4; lastKnownFileType = sourcecode.swift; path = VisualEffectView.swift; sourceTree = "<group>"; };
		AF08B5462524430400E7D16B /* SelectProjectVersionSheet.swift */ = {isa = PBXFileReference; lastKnownFileType = sourcecode.swift; path = SelectProjectVersionSheet.swift; sourceTree = "<group>"; };
		AF16EDE7251AEC1700C939AA /* SidebarItem.swift */ = {isa = PBXFileReference; lastKnownFileType = sourcecode.swift; path = SidebarItem.swift; sourceTree = "<group>"; };
		AF16EDEE251AED6100C939AA /* ProjectTab.swift */ = {isa = PBXFileReference; lastKnownFileType = sourcecode.swift; path = ProjectTab.swift; sourceTree = "<group>"; };
		AF16EDF6251AEF4000C939AA /* TabSelector.swift */ = {isa = PBXFileReference; lastKnownFileType = sourcecode.swift; path = TabSelector.swift; sourceTree = "<group>"; };
		AF16FF23251B8CAD00C8A2A9 /* InstallVersionSheet.swift */ = {isa = PBXFileReference; lastKnownFileType = sourcecode.swift; path = InstallVersionSheet.swift; sourceTree = "<group>"; };
		AF16FF26251B8EA500C8A2A9 /* UnityVersion.swift */ = {isa = PBXFileReference; lastKnownFileType = sourcecode.swift; path = UnityVersion.swift; sourceTree = "<group>"; };
		AF34E220251AF91F00192E53 /* InstallsTab.swift */ = {isa = PBXFileReference; lastKnownFileType = sourcecode.swift; path = InstallsTab.swift; sourceTree = "<group>"; };
		AF34E225251AFD2D00192E53 /* SettingsView.swift */ = {isa = PBXFileReference; lastKnownFileType = sourcecode.swift; path = SettingsView.swift; sourceTree = "<group>"; };
		AF34E22A251AFE5300192E53 /* HubSettings.swift */ = {isa = PBXFileReference; lastKnownFileType = sourcecode.swift; path = HubSettings.swift; sourceTree = "<group>"; };
		AF59FEA4251EBB4A0093D284 /* EmojiPicker.swift */ = {isa = PBXFileReference; lastKnownFileType = sourcecode.swift; path = EmojiPicker.swift; sourceTree = "<group>"; };
		AF5A94CF251BF9E3002FA410 /* Release.swift */ = {isa = PBXFileReference; lastKnownFileType = sourcecode.swift; path = Release.swift; sourceTree = "<group>"; };
		AF66EBEA251AE3900088EC84 /* Unity Hub.app */ = {isa = PBXFileReference; explicitFileType = wrapper.application; includeInIndex = 0; path = "Unity Hub.app"; sourceTree = BUILT_PRODUCTS_DIR; };
		AF66EBED251AE3900088EC84 /* UnityHubApp.swift */ = {isa = PBXFileReference; lastKnownFileType = sourcecode.swift; path = UnityHubApp.swift; sourceTree = "<group>"; };
		AF66EBEF251AE3900088EC84 /* ContentView.swift */ = {isa = PBXFileReference; lastKnownFileType = sourcecode.swift; path = ContentView.swift; sourceTree = "<group>"; };
		AF66EBF1251AE3910088EC84 /* Assets.xcassets */ = {isa = PBXFileReference; lastKnownFileType = folder.assetcatalog; path = Assets.xcassets; sourceTree = "<group>"; };
		AF66EBF4251AE3910088EC84 /* Preview Assets.xcassets */ = {isa = PBXFileReference; lastKnownFileType = folder.assetcatalog; path = "Preview Assets.xcassets"; sourceTree = "<group>"; };
		AF66EBF9251AE3910088EC84 /* Info.plist */ = {isa = PBXFileReference; lastKnownFileType = text.plist.xml; path = Info.plist; sourceTree = "<group>"; };
		AF66EBFA251AE3910088EC84 /* Unity_Hub.entitlements */ = {isa = PBXFileReference; lastKnownFileType = text.plist.entitlements; path = Unity_Hub.entitlements; sourceTree = "<group>"; };
		AF66EC01251AE57D0088EC84 /* SVGShapes.swift */ = {isa = PBXFileReference; lastKnownFileType = sourcecode.swift; path = SVGShapes.swift; sourceTree = "<group>"; };
		AFA0862B251B1CFB00B1B985 /* NSOpenPanel.swift */ = {isa = PBXFileReference; lastKnownFileType = sourcecode.swift; path = NSOpenPanel.swift; sourceTree = "<group>"; };
		AFB1C3A2251B325000F8E3D8 /* UnityModule.swift */ = {isa = PBXFileReference; lastKnownFileType = sourcecode.swift; path = UnityModule.swift; sourceTree = "<group>"; };
		AFB1C3A5251B357A00F8E3D8 /* ModuleJSON.swift */ = {isa = PBXFileReference; lastKnownFileType = sourcecode.swift; path = ModuleJSON.swift; sourceTree = "<group>"; };
		AFB1C3A8251B459600F8E3D8 /* ProjectButton.swift */ = {isa = PBXFileReference; lastKnownFileType = sourcecode.swift; path = ProjectButton.swift; sourceTree = "<group>"; };
		AFB1C3AC251B492900F8E3D8 /* StringExtensions.swift */ = {isa = PBXFileReference; lastKnownFileType = sourcecode.swift; path = StringExtensions.swift; sourceTree = "<group>"; };
		AFB1C3AF251B633C00F8E3D8 /* Shell.swift */ = {isa = PBXFileReference; lastKnownFileType = sourcecode.swift; path = Shell.swift; sourceTree = "<group>"; };
		AFBB9A4A252609040004F78B /* UnityButtonStyle.swift */ = {isa = PBXFileReference; lastKnownFileType = sourcecode.swift; path = UnityButtonStyle.swift; sourceTree = "<group>"; };
		AFBB9A4E25260B000004F78B /* Color.swift */ = {isa = PBXFileReference; lastKnownFileType = sourcecode.swift; path = Color.swift; sourceTree = "<group>"; };
		AFC23C5725257E0700F5FE4B /* PrereleaseTag.swift */ = {isa = PBXFileReference; lastKnownFileType = sourcecode.swift; path = PrereleaseTag.swift; sourceTree = "<group>"; };
		AFE222D0251EA41400265506 /* EmojiPickerButton.swift */ = {isa = PBXFileReference; lastKnownFileType = sourcecode.swift; path = EmojiPickerButton.swift; sourceTree = "<group>"; };
		AFEAC8062525D9D6009C4AB2 /* AdvancedProjectSettingsSheet.swift */ = {isa = PBXFileReference; lastKnownFileType = sourcecode.swift; path = AdvancedProjectSettingsSheet.swift; sourceTree = "<group>"; };
		AFFDD8B2251B08EB000AE12C /* UnityVersionButton.swift */ = {isa = PBXFileReference; lastKnownFileType = sourcecode.swift; path = UnityVersionButton.swift; sourceTree = "<group>"; };
/* End PBXFileReference section */

/* Begin PBXFrameworksBuildPhase section */
		AF66EBE7251AE3900088EC84 /* Frameworks */ = {
			isa = PBXFrameworksBuildPhase;
			buildActionMask = 2147483647;
			files = (
				AF4D2104251EBA220029101C /* Smile in Frameworks */,
			);
			runOnlyForDeploymentPostprocessing = 0;
		};
/* End PBXFrameworksBuildPhase section */

/* Begin PBXGroup section */
		AF66EBE1251AE3900088EC84 = {
			isa = PBXGroup;
			children = (
				AF66EBEC251AE3900088EC84 /* Unity Hub */,
				AF66EBEB251AE3900088EC84 /* Products */,
			);
			sourceTree = "<group>";
		};
		AF66EBEB251AE3900088EC84 /* Products */ = {
			isa = PBXGroup;
			children = (
				AF66EBEA251AE3900088EC84 /* Unity Hub.app */,
			);
			name = Products;
			sourceTree = "<group>";
		};
		AF66EBEC251AE3900088EC84 /* Unity Hub */ = {
			isa = PBXGroup;
			children = (
				AF66EBFA251AE3910088EC84 /* Unity_Hub.entitlements */,
				AF66EBF9251AE3910088EC84 /* Info.plist */,
				AFEAC8062525D9D6009C4AB2 /* AdvancedProjectSettingsSheet.swift */,
				AFBB9A4E25260B000004F78B /* Color.swift */,
				AF66EBEF251AE3900088EC84 /* ContentView.swift */,
				AF59FEA4251EBB4A0093D284 /* EmojiPicker.swift */,
				AFE222D0251EA41400265506 /* EmojiPickerButton.swift */,
				AF34E22A251AFE5300192E53 /* HubSettings.swift */,
				AF34E220251AF91F00192E53 /* InstallsTab.swift */,
				AF16FF23251B8CAD00C8A2A9 /* InstallVersionSheet.swift */,
				AFB1C3A5251B357A00F8E3D8 /* ModuleJSON.swift */,
				AFA0862B251B1CFB00B1B985 /* NSOpenPanel.swift */,
				AFC23C5725257E0700F5FE4B /* PrereleaseTag.swift */,
				AFB1C3A8251B459600F8E3D8 /* ProjectButton.swift */,
				AF16EDEE251AED6100C939AA /* ProjectTab.swift */,
				AF5A94CF251BF9E3002FA410 /* Release.swift */,
				AF08B5462524430400E7D16B /* SelectProjectVersionSheet.swift */,
				AF34E225251AFD2D00192E53 /* SettingsView.swift */,
				AFB1C3AF251B633C00F8E3D8 /* Shell.swift */,
				AF16EDE7251AEC1700C939AA /* SidebarItem.swift */,
				AFB1C3AC251B492900F8E3D8 /* StringExtensions.swift */,
				AF66EC01251AE57D0088EC84 /* SVGShapes.swift */,
				AF16EDF6251AEF4000C939AA /* TabSelector.swift */,
				AFBB9A4A252609040004F78B /* UnityButtonStyle.swift */,
				AF66EBED251AE3900088EC84 /* UnityHubApp.swift */,
				AFB1C3A2251B325000F8E3D8 /* UnityModule.swift */,
				AF16FF26251B8EA500C8A2A9 /* UnityVersion.swift */,
				AFFDD8B2251B08EB000AE12C /* UnityVersionButton.swift */,
				AF08B5432524309600E7D16B /* VisualEffectView.swift */,
				AF66EBF1251AE3910088EC84 /* Assets.xcassets */,
				AF66EBF3251AE3910088EC84 /* Preview Content */,
			);
			path = "Unity Hub";
			sourceTree = "<group>";
		};
		AF66EBF3251AE3910088EC84 /* Preview Content */ = {
			isa = PBXGroup;
			children = (
				AF66EBF4251AE3910088EC84 /* Preview Assets.xcassets */,
			);
			path = "Preview Content";
			sourceTree = "<group>";
		};
/* End PBXGroup section */

/* Begin PBXNativeTarget section */
		AF66EBE9251AE3900088EC84 /* Unity Hub */ = {
			isa = PBXNativeTarget;
			buildConfigurationList = AF66EBFD251AE3910088EC84 /* Build configuration list for PBXNativeTarget "Unity Hub" */;
			buildPhases = (
				AF66EBE6251AE3900088EC84 /* Sources */,
				AF66EBE7251AE3900088EC84 /* Frameworks */,
				AF66EBE8251AE3900088EC84 /* Resources */,
			);
			buildRules = (
			);
			dependencies = (
			);
			name = "Unity Hub";
			packageProductDependencies = (
				AF4D2103251EBA220029101C /* Smile */,
			);
			productName = "Unity Hub";
			productReference = AF66EBEA251AE3900088EC84 /* Unity Hub.app */;
			productType = "com.apple.product-type.application";
		};
/* End PBXNativeTarget section */

/* Begin PBXProject section */
		AF66EBE2251AE3900088EC84 /* Project object */ = {
			isa = PBXProject;
			attributes = {
				LastSwiftUpdateCheck = 1220;
				LastUpgradeCheck = 1220;
				TargetAttributes = {
					AF66EBE9251AE3900088EC84 = {
						CreatedOnToolsVersion = 12.2;
					};
				};
			};
			buildConfigurationList = AF66EBE5251AE3900088EC84 /* Build configuration list for PBXProject "Unity Hub" */;
			compatibilityVersion = "Xcode 9.3";
			developmentRegion = en;
			hasScannedForEncodings = 0;
			knownRegions = (
				en,
				Base,
				vi,
			);
			mainGroup = AF66EBE1251AE3900088EC84;
			packageReferences = (
				AF4D2102251EBA220029101C /* XCRemoteSwiftPackageReference "Smile" */,
			);
			productRefGroup = AF66EBEB251AE3900088EC84 /* Products */;
			projectDirPath = "";
			projectRoot = "";
			targets = (
				AF66EBE9251AE3900088EC84 /* Unity Hub */,
			);
		};
/* End PBXProject section */

/* Begin PBXResourcesBuildPhase section */
		AF66EBE8251AE3900088EC84 /* Resources */ = {
			isa = PBXResourcesBuildPhase;
			buildActionMask = 2147483647;
			files = (
				AF66EBF5251AE3910088EC84 /* Preview Assets.xcassets in Resources */,
				AF66EBF2251AE3910088EC84 /* Assets.xcassets in Resources */,
			);
			runOnlyForDeploymentPostprocessing = 0;
		};
/* End PBXResourcesBuildPhase section */

/* Begin PBXSourcesBuildPhase section */
		AF66EBE6251AE3900088EC84 /* Sources */ = {
			isa = PBXSourcesBuildPhase;
			buildActionMask = 2147483647;
			files = (
				AFB1C3A6251B357A00F8E3D8 /* ModuleJSON.swift in Sources */,
				AFA0862C251B1CFB00B1B985 /* NSOpenPanel.swift in Sources */,
				AFE222D1251EA41400265506 /* EmojiPickerButton.swift in Sources */,
				AF5A94D0251BF9E3002FA410 /* Release.swift in Sources */,
				AF66EBF0251AE3900088EC84 /* ContentView.swift in Sources */,
				AF34E226251AFD2D00192E53 /* SettingsView.swift in Sources */,
				AF08B5472524430400E7D16B /* SelectProjectVersionSheet.swift in Sources */,
				AFB1C3A3251B325000F8E3D8 /* UnityModule.swift in Sources */,
				AF66EBEE251AE3900088EC84 /* UnityHubApp.swift in Sources */,
				AF16EDF7251AEF4000C939AA /* TabSelector.swift in Sources */,
				AFBB9A4F25260B000004F78B /* Color.swift in Sources */,
				AFEAC8072525D9D6009C4AB2 /* AdvancedProjectSettingsSheet.swift in Sources */,
				AFB1C3B0251B633C00F8E3D8 /* Shell.swift in Sources */,
				AF16FF24251B8CAD00C8A2A9 /* InstallVersionSheet.swift in Sources */,
				AFBB9A4B252609040004F78B /* UnityButtonStyle.swift in Sources */,
				AFFDD8B3251B08EB000AE12C /* UnityVersionButton.swift in Sources */,
				AF16FF27251B8EA500C8A2A9 /* UnityVersion.swift in Sources */,
				AF59FEA5251EBB4A0093D284 /* EmojiPicker.swift in Sources */,
				AF34E22B251AFE5300192E53 /* HubSettings.swift in Sources */,
				AFB1C3A9251B459600F8E3D8 /* ProjectButton.swift in Sources */,
				AF16EDEF251AED6100C939AA /* ProjectTab.swift in Sources */,
				AFC23C5825257E0700F5FE4B /* PrereleaseTag.swift in Sources */,
				AF08B5442524309700E7D16B /* VisualEffectView.swift in Sources */,
				AF34E221251AF91F00192E53 /* InstallsTab.swift in Sources */,
				AFB1C3AD251B492900F8E3D8 /* StringExtensions.swift in Sources */,
				AF16EDE8251AEC1700C939AA /* SidebarItem.swift in Sources */,
				AF66EC02251AE57D0088EC84 /* SVGShapes.swift in Sources */,
			);
			runOnlyForDeploymentPostprocessing = 0;
		};
/* End PBXSourcesBuildPhase section */

/* Begin XCBuildConfiguration section */
		AF66EBFB251AE3910088EC84 /* Debug */ = {
			isa = XCBuildConfiguration;
			buildSettings = {
				ALWAYS_SEARCH_USER_PATHS = NO;
				CLANG_ANALYZER_NONNULL = YES;
				CLANG_ANALYZER_NUMBER_OBJECT_CONVERSION = YES_AGGRESSIVE;
				CLANG_CXX_LANGUAGE_STANDARD = "gnu++14";
				CLANG_CXX_LIBRARY = "libc++";
				CLANG_ENABLE_MODULES = YES;
				CLANG_ENABLE_OBJC_ARC = YES;
				CLANG_ENABLE_OBJC_WEAK = YES;
				CLANG_WARN_BLOCK_CAPTURE_AUTORELEASING = YES;
				CLANG_WARN_BOOL_CONVERSION = YES;
				CLANG_WARN_COMMA = YES;
				CLANG_WARN_CONSTANT_CONVERSION = YES;
				CLANG_WARN_DEPRECATED_OBJC_IMPLEMENTATIONS = YES;
				CLANG_WARN_DIRECT_OBJC_ISA_USAGE = YES_ERROR;
				CLANG_WARN_DOCUMENTATION_COMMENTS = YES;
				CLANG_WARN_EMPTY_BODY = YES;
				CLANG_WARN_ENUM_CONVERSION = YES;
				CLANG_WARN_INFINITE_RECURSION = YES;
				CLANG_WARN_INT_CONVERSION = YES;
				CLANG_WARN_NON_LITERAL_NULL_CONVERSION = YES;
				CLANG_WARN_OBJC_IMPLICIT_RETAIN_SELF = YES;
				CLANG_WARN_OBJC_LITERAL_CONVERSION = YES;
				CLANG_WARN_OBJC_ROOT_CLASS = YES_ERROR;
				CLANG_WARN_QUOTED_INCLUDE_IN_FRAMEWORK_HEADER = YES;
				CLANG_WARN_RANGE_LOOP_ANALYSIS = YES;
				CLANG_WARN_STRICT_PROTOTYPES = YES;
				CLANG_WARN_SUSPICIOUS_MOVE = YES;
				CLANG_WARN_UNGUARDED_AVAILABILITY = YES_AGGRESSIVE;
				CLANG_WARN_UNREACHABLE_CODE = YES;
				CLANG_WARN__DUPLICATE_METHOD_MATCH = YES;
				COPY_PHASE_STRIP = NO;
				DEBUG_INFORMATION_FORMAT = dwarf;
				ENABLE_STRICT_OBJC_MSGSEND = YES;
				ENABLE_TESTABILITY = YES;
				GCC_C_LANGUAGE_STANDARD = gnu11;
				GCC_DYNAMIC_NO_PIC = NO;
				GCC_NO_COMMON_BLOCKS = YES;
				GCC_OPTIMIZATION_LEVEL = 0;
				GCC_PREPROCESSOR_DEFINITIONS = (
					"DEBUG=1",
					"$(inherited)",
				);
				GCC_WARN_64_TO_32_BIT_CONVERSION = YES;
				GCC_WARN_ABOUT_RETURN_TYPE = YES_ERROR;
				GCC_WARN_UNDECLARED_SELECTOR = YES;
				GCC_WARN_UNINITIALIZED_AUTOS = YES_AGGRESSIVE;
				GCC_WARN_UNUSED_FUNCTION = YES;
				GCC_WARN_UNUSED_VARIABLE = YES;
				MACOSX_DEPLOYMENT_TARGET = 11.0;
				MTL_ENABLE_DEBUG_INFO = INCLUDE_SOURCE;
				MTL_FAST_MATH = YES;
				ONLY_ACTIVE_ARCH = YES;
				SDKROOT = macosx;
				SWIFT_ACTIVE_COMPILATION_CONDITIONS = DEBUG;
				SWIFT_OPTIMIZATION_LEVEL = "-Onone";
			};
			name = Debug;
		};
		AF66EBFC251AE3910088EC84 /* Release */ = {
			isa = XCBuildConfiguration;
			buildSettings = {
				ALWAYS_SEARCH_USER_PATHS = NO;
				CLANG_ANALYZER_NONNULL = YES;
				CLANG_ANALYZER_NUMBER_OBJECT_CONVERSION = YES_AGGRESSIVE;
				CLANG_CXX_LANGUAGE_STANDARD = "gnu++14";
				CLANG_CXX_LIBRARY = "libc++";
				CLANG_ENABLE_MODULES = YES;
				CLANG_ENABLE_OBJC_ARC = YES;
				CLANG_ENABLE_OBJC_WEAK = YES;
				CLANG_WARN_BLOCK_CAPTURE_AUTORELEASING = YES;
				CLANG_WARN_BOOL_CONVERSION = YES;
				CLANG_WARN_COMMA = YES;
				CLANG_WARN_CONSTANT_CONVERSION = YES;
				CLANG_WARN_DEPRECATED_OBJC_IMPLEMENTATIONS = YES;
				CLANG_WARN_DIRECT_OBJC_ISA_USAGE = YES_ERROR;
				CLANG_WARN_DOCUMENTATION_COMMENTS = YES;
				CLANG_WARN_EMPTY_BODY = YES;
				CLANG_WARN_ENUM_CONVERSION = YES;
				CLANG_WARN_INFINITE_RECURSION = YES;
				CLANG_WARN_INT_CONVERSION = YES;
				CLANG_WARN_NON_LITERAL_NULL_CONVERSION = YES;
				CLANG_WARN_OBJC_IMPLICIT_RETAIN_SELF = YES;
				CLANG_WARN_OBJC_LITERAL_CONVERSION = YES;
				CLANG_WARN_OBJC_ROOT_CLASS = YES_ERROR;
				CLANG_WARN_QUOTED_INCLUDE_IN_FRAMEWORK_HEADER = YES;
				CLANG_WARN_RANGE_LOOP_ANALYSIS = YES;
				CLANG_WARN_STRICT_PROTOTYPES = YES;
				CLANG_WARN_SUSPICIOUS_MOVE = YES;
				CLANG_WARN_UNGUARDED_AVAILABILITY = YES_AGGRESSIVE;
				CLANG_WARN_UNREACHABLE_CODE = YES;
				CLANG_WARN__DUPLICATE_METHOD_MATCH = YES;
				COPY_PHASE_STRIP = NO;
				DEBUG_INFORMATION_FORMAT = "dwarf-with-dsym";
				ENABLE_NS_ASSERTIONS = NO;
				ENABLE_STRICT_OBJC_MSGSEND = YES;
				GCC_C_LANGUAGE_STANDARD = gnu11;
				GCC_NO_COMMON_BLOCKS = YES;
				GCC_WARN_64_TO_32_BIT_CONVERSION = YES;
				GCC_WARN_ABOUT_RETURN_TYPE = YES_ERROR;
				GCC_WARN_UNDECLARED_SELECTOR = YES;
				GCC_WARN_UNINITIALIZED_AUTOS = YES_AGGRESSIVE;
				GCC_WARN_UNUSED_FUNCTION = YES;
				GCC_WARN_UNUSED_VARIABLE = YES;
				MACOSX_DEPLOYMENT_TARGET = 11.0;
				MTL_ENABLE_DEBUG_INFO = NO;
				MTL_FAST_MATH = YES;
				SDKROOT = macosx;
				SWIFT_COMPILATION_MODE = wholemodule;
				SWIFT_OPTIMIZATION_LEVEL = "-O";
			};
			name = Release;
		};
		AF66EBFE251AE3910088EC84 /* Debug */ = {
			isa = XCBuildConfiguration;
			buildSettings = {
				ASSETCATALOG_COMPILER_APPICON_NAME = AppIcon;
				ASSETCATALOG_COMPILER_GLOBAL_ACCENT_COLOR_NAME = AccentColor;
				CODE_SIGN_ENTITLEMENTS = "Unity Hub/Unity_Hub.entitlements";
				CODE_SIGN_STYLE = Automatic;
				COMBINE_HIDPI_IMAGES = YES;
				DEVELOPMENT_ASSET_PATHS = "\"Unity Hub/Preview Content\"";
				DEVELOPMENT_TEAM = 838RGQ32CA;
				ENABLE_HARDENED_RUNTIME = YES;
				ENABLE_PREVIEWS = YES;
				INFOPLIST_FILE = "Unity Hub/Info.plist";
				LD_RUNPATH_SEARCH_PATHS = (
					"$(inherited)",
					"@executable_path/../Frameworks",
				);
				MACOSX_DEPLOYMENT_TARGET = 11.0;
				PRODUCT_BUNDLE_IDENTIFIER = RyanBoyer.UnityHub;
				PRODUCT_NAME = "$(TARGET_NAME)";
				SWIFT_VERSION = 5.0;
			};
			name = Debug;
		};
		AF66EBFF251AE3910088EC84 /* Release */ = {
			isa = XCBuildConfiguration;
			buildSettings = {
				ASSETCATALOG_COMPILER_APPICON_NAME = AppIcon;
				ASSETCATALOG_COMPILER_GLOBAL_ACCENT_COLOR_NAME = AccentColor;
				CODE_SIGN_ENTITLEMENTS = "Unity Hub/Unity_Hub.entitlements";
				CODE_SIGN_STYLE = Automatic;
				COMBINE_HIDPI_IMAGES = YES;
				DEVELOPMENT_ASSET_PATHS = "\"Unity Hub/Preview Content\"";
				DEVELOPMENT_TEAM = 838RGQ32CA;
				ENABLE_HARDENED_RUNTIME = YES;
				ENABLE_PREVIEWS = YES;
				INFOPLIST_FILE = "Unity Hub/Info.plist";
				LD_RUNPATH_SEARCH_PATHS = (
					"$(inherited)",
					"@executable_path/../Frameworks",
				);
				MACOSX_DEPLOYMENT_TARGET = 11.0;
				PRODUCT_BUNDLE_IDENTIFIER = RyanBoyer.UnityHub;
				PRODUCT_NAME = "$(TARGET_NAME)";
				SWIFT_VERSION = 5.0;
			};
			name = Release;
		};
/* End XCBuildConfiguration section */

/* Begin XCConfigurationList section */
		AF66EBE5251AE3900088EC84 /* Build configuration list for PBXProject "Unity Hub" */ = {
			isa = XCConfigurationList;
			buildConfigurations = (
				AF66EBFB251AE3910088EC84 /* Debug */,
				AF66EBFC251AE3910088EC84 /* Release */,
			);
			defaultConfigurationIsVisible = 0;
			defaultConfigurationName = Release;
		};
		AF66EBFD251AE3910088EC84 /* Build configuration list for PBXNativeTarget "Unity Hub" */ = {
			isa = XCConfigurationList;
			buildConfigurations = (
				AF66EBFE251AE3910088EC84 /* Debug */,
				AF66EBFF251AE3910088EC84 /* Release */,
			);
			defaultConfigurationIsVisible = 0;
			defaultConfigurationName = Release;
		};
/* End XCConfigurationList section */

/* Begin XCRemoteSwiftPackageReference section */
		AF4D2102251EBA220029101C /* XCRemoteSwiftPackageReference "Smile" */ = {
			isa = XCRemoteSwiftPackageReference;
			repositoryURL = "https://github.com/onmyway133/Smile";
			requirement = {
				kind = upToNextMajorVersion;
				minimumVersion = 2.1.0;
			};
		};
/* End XCRemoteSwiftPackageReference section */

/* Begin XCSwiftPackageProductDependency section */
		AF4D2103251EBA220029101C /* Smile */ = {
			isa = XCSwiftPackageProductDependency;
			package = AF4D2102251EBA220029101C /* XCRemoteSwiftPackageReference "Smile" */;
			productName = Smile;
		};
/* End XCSwiftPackageProductDependency section */
	};
	rootObject = AF66EBE2251AE3900088EC84 /* Project object */;
}
