{
  "object": {
    "pins": [
      {
        "package": "Smile",
        "repositoryURL": "https://github.com/onmyway133/Smile",
        "state": {
          "branch": null,
          "revision": "2afe344d17f30dee646ef4c54a6926b6dd021e7d",
          "version": null
        }
      },
      {
        "package": "Introspect",
        "repositoryURL": "https://github.com/siteline/SwiftUI-Introspect.git",
        "state": {
          "branch": null,
          "revision": "72a509c93166540c0adf8323fd2652daade7f9f6",
          "version": null
        }
      }
    ]
  },
  "version": 1
}
